
Microsoft Visual Studio Solution File, Format Version 12.00
# Visual Studio Version 16
VisualStudioVersion = 16.0.29709.97
MinimumVisualStudioVersion = 10.0.40219.1
Project("{FAE04EC0-301F-11D3-BF4B-00C04F79EFBC}") = "RegiX.DesktopSigner", "RegiX.DesktopSigner.csproj", "{1B5DAA66-C128-41B6-B18C-FC88FD9A9FDF}"
EndProject
Global
	GlobalSection(SolutionConfigurationPlatforms) = preSolution
		Debug|Any CPU = Debug|Any CPU
		Release|Any CPU = Release|Any CPU
	EndGlobalSection
	GlobalSection(ProjectConfigurationPlatforms) = postSolution
		{1B5DAA66-C128-41B6-B18C-FC88FD9A9FDF}.Debug|Any CPU.ActiveCfg = Debug|Any CPU
		{1B5DAA66-C128-41B6-B18C-FC88FD9A9FDF}.Debug|Any CPU.Build.0 = Debug|Any CPU
		{1B5DAA66-C128-41B6-B18C-FC88FD9A9FDF}.Release|Any CPU.ActiveCfg = Release|Any CPU
		{1B5DAA66-C128-41B6-B18C-FC88FD9A9FDF}.Release|Any CPU.Build.0 = Release|Any CPU
	EndGlobalSection
	GlobalSection(SolutionProperties) = preSolution
		HideSolutionNode = FALSE
	EndGlobalSection
	GlobalSection(ExtensibilityGlobals) = postSolution
		SolutionGuid = {1F916E2A-45BE-48AA-8FD5-1226246F9C97}
	EndGlobalSection
EndGlobal
