{
  "name": "@tl-rgx/rgx-common",
  "version": "9.0.39",
  "lockfileVersion": 2,
  "requires": true,
  "packages": {
    "": {
      "name": "@tl-rgx/rgx-common",
      "version": "9.0.39",
      "dependencies": {
        "tslib": "^2.0.0"
      },
      "devDependencies": {
        "@angular/animations": "~11.2.9",
        "@angular/common": "~11.2.9",
        "@angular/core": "~11.2.9",
        "@angular/forms": "~11.2.9",
        "@angular/platform-browser": "~11.2.9",
        "@angular/router": "~11.2.9",
        "@infragistics/igniteui-angular": "^11.1.7",
        "@tl/tl-common": "^9.1.178",
        "angular-auth-oidc-client": "^11.6.5",
        "ngx-logger": "^4.2.1",
        "ngx-markdown": "^11.1.2",
        "ngx-permissions": "^8.1.1"
      },
      "peerDependencies": {
        "@infragistics/igniteui-angular": "^11.1.7",
        "@tl/tl-common": "^9.1.178",
        "ngx-logger": "^4.2.1",
        "ngx-markdown": "^11.1.2",
        "ngx-permissions": "^8.1.1"
      }
    },
    "node_modules/@angular/animations": {
      "version": "11.2.9",
      "resolved": "https://registry.npmjs.org/@angular/animations/-/animations-11.2.9.tgz",
      "integrity": "sha512-6EAJRwwYB+6eNW0IIadQycS7KC1x//BpZ7vi6EioAaAw02wafjQ+6+BhGW6hbPwyTJFQAuNki5Z6P0fvN1ZhFA==",
      "dev": true,
      "dependencies": {
        "tslib": "^2.0.0"
      }
    },
    "node_modules/@angular/common": {
      "version": "11.2.9",
      "resolved": "https://registry.npmjs.org/@angular/common/-/common-11.2.9.tgz",
      "integrity": "sha512-D60zF3F9pSpKmLKyYOjceREL2OKKIO20bZJzVqcgWQXUv0xxzHg9e6o2oOphPEj7kY/tKjIQjndRIBGA6MQHzg==",
      "dev": true,
      "dependencies": {
        "tslib": "^2.0.0"
      }
    },
    "node_modules/@angular/core": {
      "version": "11.2.9",
      "resolved": "https://registry.npmjs.org/@angular/core/-/core-11.2.9.tgz",
      "integrity": "sha512-OLW8ThHdG5XjE9PMdBWyAm19wXEjuhWAB19qCqNerKkk1RGEOn+ISUR5Rpg5Fh3rlI4nFOm+WeOUIaq9uxF53A==",
      "dev": true,
      "dependencies": {
        "tslib": "^2.0.0"
      }
    },
    "node_modules/@angular/forms": {
      "version": "11.2.9",
      "resolved": "https://registry.npmjs.org/@angular/forms/-/forms-11.2.9.tgz",
      "integrity": "sha512-TbimRbQoSUWYp3vTvn/1MlhEI/0SBl16MG3NCFaDoER+NEJMIGd3BMBJsmnJXXH7wlsvwpRbY6vP+Zuro00lmQ==",
      "dev": true,
      "dependencies": {
        "tslib": "^2.0.0"
      }
    },
    "node_modules/@angular/platform-browser": {
      "version": "11.2.9",
      "resolved": "https://registry.npmjs.org/@angular/platform-browser/-/platform-browser-11.2.9.tgz",
      "integrity": "sha512-a4sMSuSRWXNP4umhXrESFS6H5uc5CQ5c4VJMWpqVO5RK5FI9wKdU1Nyds2nZkQGkD5r6pOyGQeJvEbA+vq1SbQ==",
      "dev": true,
      "dependencies": {
        "tslib": "^2.0.0"
      }
    },
    "node_modules/@angular/router": {
      "version": "11.2.9",
      "resolved": "https://registry.npmjs.org/@angular/router/-/router-11.2.9.tgz",
      "integrity": "sha512-DNMaLXleQ4aaNJmVuwnKRkATjR3akUt4kjFFELiHMH8jEO2GBUveqsgjYibXsZ/5L6jSsvaxYvt0n2HGwxG9Tg==",
      "dev": true,
      "dependencies": {
        "tslib": "^2.0.0"
      }
    },
    "node_modules/@igniteui/material-icons-extended": {
      "version": "2.7.0",
      "resolved": "https://registry.npmjs.org/@igniteui/material-icons-extended/-/material-icons-extended-2.7.0.tgz",
      "integrity": "sha512-2DPYDnrzplysJoaa7/hSviim4hwh2xHzrNALoumgizpmRl5RDf4Itx5plYafF+b9d2P6Latqrsvr6r5qKy2NlQ==",
      "dev": true
    },
    "node_modules/@infragistics/igniteui-angular": {
      "version": "11.1.13",
      "resolved": "https://packages.infragistics.com/npm/js-licensed/@infragistics/igniteui-angular/-/igniteui-angular-11.1.13.tgz",
      "integrity": "sha1-frF0DrAVg1NYwaLIMfPvTYn6B98=",
      "dev": true,
      "dependencies": {
        "@igniteui/material-icons-extended": "^2.4.0",
        "@types/hammerjs": "^2.0.36",
        "hammerjs": "^2.0.8",
        "jszip": "^3.6.0",
        "lodash.mergewith": "^4.6.2",
        "resize-observer-polyfill": "^1.5.1",
        "tslib": "^2.0.0",
        "uuid": "^8.3.0"
      }
    },
    "node_modules/@infragistics/igniteui-angular/node_modules/tslib": {
      "version": "2.2.0",
      "resolved": "https://registry.npmjs.org/tslib/-/tslib-2.2.0.tgz",
      "integrity": "sha512-gS9GVHRU+RGn5KQM2rllAlR3dU6m7AcpJKdtH8gFvQiC4Otgk98XnmMU+nZenHt/+VhnBPWwgrJsyrdcw6i23w==",
      "dev": true
    },
    "node_modules/@tl/tl-common": {
      "version": "9.1.178",
      "resolved": "http://tfstl:8080/tfs/DefaultCollection/_packaging/TechnoLogica.Common/npm/registry/@tl/tl-common/-/tl-common-9.1.178.tgz",
      "integrity": "sha1-cW8WmE/Jb3eIQdbbhCoLHUYJd8M=",
      "dev": true,
      "dependencies": {
        "tslib": "^2.0.0"
      }
    },
    "node_modules/@tl/tl-common/node_modules/tslib": {
      "version": "2.2.0",
      "resolved": "https://registry.npmjs.org/tslib/-/tslib-2.2.0.tgz",
      "integrity": "sha512-gS9GVHRU+RGn5KQM2rllAlR3dU6m7AcpJKdtH8gFvQiC4Otgk98XnmMU+nZenHt/+VhnBPWwgrJsyrdcw6i23w==",
      "dev": true
    },
    "node_modules/@types/hammerjs": {
      "version": "2.0.36",
      "resolved": "https://registry.npmjs.org/@types/hammerjs/-/hammerjs-2.0.36.tgz",
      "integrity": "sha512-7TUK/k2/QGpEAv/BCwSHlYu3NXZhQ9ZwBYpzr9tjlPIL2C5BeGhH3DmVavRx3ZNyELX5TLC91JTz/cen6AAtIQ==",
      "dev": true
    },
    "node_modules/@types/marked": {
      "version": "2.0.3",
      "resolved": "https://registry.npmjs.org/@types/marked/-/marked-2.0.3.tgz",
      "integrity": "sha512-lbhSN1rht/tQ+dSWxawCzGgTfxe9DB31iLgiT1ZVT5lshpam/nyOA1m3tKHRoNPctB2ukSL22JZI5Fr+WI/zYg==",
      "dev": true
    },
    "node_modules/angular-auth-oidc-client": {
      "version": "11.6.5",
      "resolved": "https://registry.npmjs.org/angular-auth-oidc-client/-/angular-auth-oidc-client-11.6.5.tgz",
      "integrity": "sha512-wu5G5caTLOrC2lLyY+y7liEX2KHRrnmbnqg7vwXsdIQQGjDNX9qd4QSFRft+1SO3YIRGL2HbdAsdQjm6eZ/42g==",
      "dev": true,
      "dependencies": {
        "common-tags": "^1.8.0",
        "jsrsasign-reduced": "^8.0.15",
        "tslib": "^2.0.0"
      }
    },
    "node_modules/clipboard": {
      "version": "2.0.8",
      "resolved": "https://registry.npmjs.org/clipboard/-/clipboard-2.0.8.tgz",
      "integrity": "sha512-Y6WO0unAIQp5bLmk1zdThRhgJt/x3ks6f30s3oE3H1mgIEU33XyQjEf8gsf6DxC7NPX8Y1SsNWjUjL/ywLnnbQ==",
      "dev": true,
      "optional": true,
      "dependencies": {
        "good-listener": "^1.2.2",
        "select": "^1.1.2",
        "tiny-emitter": "^2.0.0"
      }
    },
    "node_modules/commander": {
      "version": "6.2.1",
      "resolved": "https://registry.npmjs.org/commander/-/commander-6.2.1.tgz",
      "integrity": "sha512-U7VdrJFnJgo4xjrHpTzu0yrHPGImdsmD95ZlgYSEajAn2JKzDhDTPG9kBTefmObL2w/ngeZnilk+OV9CG3d7UA==",
      "dev": true,
      "engines": {
        "node": ">= 6"
      }
    },
    "node_modules/common-tags": {
      "version": "1.8.0",
      "resolved": "https://registry.npmjs.org/common-tags/-/common-tags-1.8.0.tgz",
      "integrity": "sha512-6P6g0uetGpW/sdyUy/iQQCbFF0kWVMSIVSyYz7Zgjcgh8mgw8PQzDNZeyZ5DQ2gM7LBoZPHmnjz8rUthkBG5tw==",
      "dev": true,
      "engines": {
        "node": ">=4.0.0"
      }
    },
    "node_modules/core-util-is": {
      "version": "1.0.2",
      "resolved": "https://registry.npmjs.org/core-util-is/-/core-util-is-1.0.2.tgz",
      "integrity": "sha1-tf1UIgqivFq1eqtxQMlAdUUDwac=",
      "dev": true
    },
    "node_modules/delegate": {
      "version": "3.2.0",
      "resolved": "https://registry.npmjs.org/delegate/-/delegate-3.2.0.tgz",
      "integrity": "sha512-IofjkYBZaZivn0V8nnsMJGBr4jVLxHDheKSW88PyxS5QC4Vo9ZbZVvhzlSxY87fVq3STR6r+4cGepyHkcWOQSw==",
      "dev": true,
      "optional": true
    },
    "node_modules/emoji-toolkit": {
      "version": "6.5.1",
      "resolved": "https://registry.npmjs.org/emoji-toolkit/-/emoji-toolkit-6.5.1.tgz",
      "integrity": "sha512-oY5E81cXvRUxXkbVgOI8NxYHKF5FeWfJhFCIYUKhbVfSmdCH8+bmJzgDdhufExa7t1+WEzpUFdHwYxJTXS90vQ==",
      "dev": true
    },
    "node_modules/good-listener": {
      "version": "1.2.2",
      "resolved": "https://registry.npmjs.org/good-listener/-/good-listener-1.2.2.tgz",
      "integrity": "sha1-1TswzfkxPf+33JoNR3CWqm0UXFA=",
      "dev": true,
      "optional": true,
      "dependencies": {
        "delegate": "^3.1.2"
      }
    },
    "node_modules/hammerjs": {
      "version": "2.0.8",
      "resolved": "https://registry.npmjs.org/hammerjs/-/hammerjs-2.0.8.tgz",
      "integrity": "sha1-BO93hiz/K7edMPdpIJWTAiK/YPE=",
      "dev": true,
      "engines": {
        "node": ">=0.8.0"
      }
    },
    "node_modules/immediate": {
      "version": "3.0.6",
      "resolved": "https://registry.npmjs.org/immediate/-/immediate-3.0.6.tgz",
      "integrity": "sha1-nbHb0Pr43m++D13V5Wu2BigN5ps=",
      "dev": true
    },
    "node_modules/inherits": {
      "version": "2.0.4",
      "resolved": "https://registry.npmjs.org/inherits/-/inherits-2.0.4.tgz",
      "integrity": "sha512-k/vGaX4/Yla3WzyMCvTQOXYeIHvqOKtnqBduzTHpzpQZzAskKMhZ2K+EnBiSM9zGSoIFeMpXKxa4dYeZIQqewQ==",
      "dev": true
    },
    "node_modules/isarray": {
      "version": "1.0.0",
      "resolved": "https://registry.npmjs.org/isarray/-/isarray-1.0.0.tgz",
      "integrity": "sha1-u5NdSFgsuhaMBoNJV6VKPgcSTxE=",
      "dev": true
    },
    "node_modules/jsrsasign-reduced": {
      "version": "8.0.15",
      "resolved": "https://registry.npmjs.org/jsrsasign-reduced/-/jsrsasign-reduced-8.0.15.tgz",
      "integrity": "sha512-Ig4W69nXCIUedzOSk3nqJWUr2DmSDENYfsmCqVK33GPETtPcjwREGQc92hV5jcJ6zavMvGD4tjhZ+T7JIiaSLA==",
      "dev": true
    },
    "node_modules/jszip": {
      "version": "3.6.0",
      "resolved": "https://registry.npmjs.org/jszip/-/jszip-3.6.0.tgz",
      "integrity": "sha512-jgnQoG9LKnWO3mnVNBnfhkh0QknICd1FGSrXcgrl67zioyJ4wgx25o9ZqwNtrROSflGBCGYnJfjrIyRIby1OoQ==",
      "dev": true,
      "dependencies": {
        "lie": "~3.3.0",
        "pako": "~1.0.2",
        "readable-stream": "~2.3.6",
        "set-immediate-shim": "~1.0.1"
      }
    },
    "node_modules/katex": {
      "version": "0.13.2",
      "resolved": "https://registry.npmjs.org/katex/-/katex-0.13.2.tgz",
      "integrity": "sha512-u/KhjFDhyPr+70aiBn9SL/9w/QlLagIXBi2NZSbNnBUp2tR8dCjQplyEMkEzniem5gOeSCBjlBUg4VaiWs1JJg==",
      "dev": true,
      "dependencies": {
        "commander": "^6.0.0"
      },
      "bin": {
        "katex": "cli.js"
      }
    },
    "node_modules/lie": {
      "version": "3.3.0",
      "resolved": "https://registry.npmjs.org/lie/-/lie-3.3.0.tgz",
      "integrity": "sha512-UaiMJzeWRlEujzAuw5LokY1L5ecNQYZKfmyZ9L7wDHb/p5etKaxXhohBcrw0EYby+G/NA52vRSN4N39dxHAIwQ==",
      "dev": true,
      "dependencies": {
        "immediate": "~3.0.5"
      }
    },
    "node_modules/lodash.mergewith": {
      "version": "4.6.2",
      "resolved": "https://registry.npmjs.org/lodash.mergewith/-/lodash.mergewith-4.6.2.tgz",
      "integrity": "sha512-GK3g5RPZWTRSeLSpgP8Xhra+pnjBC56q9FZYe1d5RN3TJ35dbkGy3YqBSMbyCrlbi+CM9Z3Jk5yTL7RCsqboyQ==",
      "dev": true
    },
    "node_modules/marked": {
      "version": "2.0.3",
      "resolved": "https://registry.npmjs.org/marked/-/marked-2.0.3.tgz",
      "integrity": "sha512-5otztIIcJfPc2qGTN8cVtOJEjNJZ0jwa46INMagrYfk0EvqtRuEHLsEe0LrFS0/q+ZRKT0+kXK7P2T1AN5lWRA==",
      "dev": true,
      "bin": {
        "marked": "bin/marked"
      },
      "engines": {
        "node": ">= 8.16.2"
      }
    },
    "node_modules/ngx-logger": {
      "version": "4.2.1",
      "resolved": "https://registry.npmjs.org/ngx-logger/-/ngx-logger-4.2.1.tgz",
      "integrity": "sha512-Z4ZauhTXzTCITzZxCHgG/eM1Ad/3p9ZxRZQFbCskDOG2CS/LDe1nsTATU/K/IJv8jUDA9u3LJ1T+8Byb43OAKw==",
      "dev": true,
      "dependencies": {
        "tslib": "^2.0.0",
        "vlq": "^1.0.0"
      }
    },
    "node_modules/ngx-logger/node_modules/tslib": {
      "version": "1.14.1",
      "resolved": "https://registry.npmjs.org/tslib/-/tslib-1.14.1.tgz",
      "integrity": "sha512-Xni35NKzjgMrwevysHTCArtLDpPvye8zV/0E4EyYn43P7/7qvQwPh9BGkHewbMulVntbigmcT7rdX3BNo9wRJg==",
      "dev": true
    },
    "node_modules/ngx-markdown": {
      "version": "11.1.2",
      "resolved": "https://registry.npmjs.org/ngx-markdown/-/ngx-markdown-11.1.2.tgz",
      "integrity": "sha512-T+FA8K2iN7VADx7hO4ytYhRnMJjyVNPHJizrtmVFpjhRcsOTCwCmM4e1qpx1XjxSEliN9Z3mux3a+IPM4jH6+Q==",
      "dev": true,
      "dependencies": {
        "@types/marked": "^2.0.0",
        "emoji-toolkit": "^6.0.1",
        "katex": "^0.13.0",
        "marked": "^2.0.0",
        "prismjs": "^1.23.0",
        "tslib": "^2.0.0"
      }
    },
    "node_modules/ngx-permissions": {
      "version": "8.1.1",
      "resolved": "https://registry.npmjs.org/ngx-permissions/-/ngx-permissions-8.1.1.tgz",
      "integrity": "sha512-gxpZtyg9Hucx+sgoC+iJTYL02E6GOoDCfMKZ1rDnSzIFsyGWIsaNFbSi0FaoT4diWnQ+8B/kL4mEM7ldO/FTxA==",
      "dev": true,
      "dependencies": {
        "tslib": "^1.10.0"
      }
    },
    "node_modules/ngx-permissions/node_modules/tslib": {
      "version": "1.14.1",
      "resolved": "https://registry.npmjs.org/tslib/-/tslib-1.14.1.tgz",
      "integrity": "sha512-Xni35NKzjgMrwevysHTCArtLDpPvye8zV/0E4EyYn43P7/7qvQwPh9BGkHewbMulVntbigmcT7rdX3BNo9wRJg==",
      "dev": true
    },
    "node_modules/pako": {
      "version": "1.0.11",
      "resolved": "https://registry.npmjs.org/pako/-/pako-1.0.11.tgz",
      "integrity": "sha512-4hLB8Py4zZce5s4yd9XzopqwVv/yGNhV1Bl8NTmCq1763HeK2+EwVTv+leGeL13Dnh2wfbqowVPXCIO0z4taYw==",
      "dev": true
    },
    "node_modules/prismjs": {
      "version": "1.23.0",
      "resolved": "https://registry.npmjs.org/prismjs/-/prismjs-1.23.0.tgz",
      "integrity": "sha512-c29LVsqOaLbBHuIbsTxaKENh1N2EQBOHaWv7gkHN4dgRbxSREqDnDbtFJYdpPauS4YCplMSNCABQ6Eeor69bAA==",
      "dev": true,
      "optionalDependencies": {
        "clipboard": "^2.0.0"
      }
    },
    "node_modules/process-nextick-args": {
      "version": "2.0.1",
      "resolved": "https://registry.npmjs.org/process-nextick-args/-/process-nextick-args-2.0.1.tgz",
      "integrity": "sha512-3ouUOpQhtgrbOa17J7+uxOTpITYWaGP7/AhoR3+A+/1e9skrzelGi/dXzEYyvbxubEF6Wn2ypscTKiKJFFn1ag==",
      "dev": true
    },
    "node_modules/readable-stream": {
      "version": "2.3.7",
      "resolved": "https://registry.npmjs.org/readable-stream/-/readable-stream-2.3.7.tgz",
      "integrity": "sha512-Ebho8K4jIbHAxnuxi7o42OrZgF/ZTNcsZj6nRKyUmkhLFq8CHItp/fy6hQZuZmP/n3yZ9VBUbp4zz/mX8hmYPw==",
      "dev": true,
      "dependencies": {
        "core-util-is": "~1.0.0",
        "inherits": "~2.0.3",
        "isarray": "~1.0.0",
        "process-nextick-args": "~2.0.0",
        "safe-buffer": "~5.1.1",
        "string_decoder": "~1.1.1",
        "util-deprecate": "~1.0.1"
      }
    },
    "node_modules/resize-observer-polyfill": {
      "version": "1.5.1",
      "resolved": "https://registry.npmjs.org/resize-observer-polyfill/-/resize-observer-polyfill-1.5.1.tgz",
      "integrity": "sha512-LwZrotdHOo12nQuZlHEmtuXdqGoOD0OhaxopaNFxWzInpEgaLWoVuAMbTzixuosCx2nEG58ngzW3vxdWoxIgdg==",
      "dev": true
    },
    "node_modules/safe-buffer": {
      "version": "5.1.2",
      "resolved": "https://registry.npmjs.org/safe-buffer/-/safe-buffer-5.1.2.tgz",
      "integrity": "sha512-Gd2UZBJDkXlY7GbJxfsE8/nvKkUEU1G38c1siN6QP6a9PT9MmHB8GnpscSmMJSoF8LOIrt8ud/wPtojys4G6+g==",
      "dev": true
    },
    "node_modules/select": {
      "version": "1.1.2",
      "resolved": "https://registry.npmjs.org/select/-/select-1.1.2.tgz",
      "integrity": "sha1-DnNQrN7ICxEIUoeG7B1EGNEbOW0=",
      "dev": true,
      "optional": true
    },
    "node_modules/set-immediate-shim": {
      "version": "1.0.1",
      "resolved": "https://registry.npmjs.org/set-immediate-shim/-/set-immediate-shim-1.0.1.tgz",
      "integrity": "sha1-SysbJ+uAip+NzEgaWOXlb1mfP2E=",
      "dev": true,
      "engines": {
        "node": ">=0.10.0"
      }
    },
    "node_modules/string_decoder": {
      "version": "1.1.1",
      "resolved": "https://registry.npmjs.org/string_decoder/-/string_decoder-1.1.1.tgz",
      "integrity": "sha512-n/ShnvDi6FHbbVfviro+WojiFzv+s8MPMHBczVePfUpDJLwoLT0ht1l4YwBCbi8pJAveEEdnkHyPyTP/mzRfwg==",
      "dev": true,
      "dependencies": {
        "safe-buffer": "~5.1.0"
      }
    },
    "node_modules/tiny-emitter": {
      "version": "2.1.0",
      "resolved": "https://registry.npmjs.org/tiny-emitter/-/tiny-emitter-2.1.0.tgz",
      "integrity": "sha512-NB6Dk1A9xgQPMoGqC5CVXn123gWyte215ONT5Pp5a0yt4nlEoO1ZWeCwpncaekPHXO60i47ihFnZPiRPjRMq4Q==",
      "dev": true,
      "optional": true
    },
    "node_modules/tslib": {
      "version": "2.2.0",
      "resolved": "https://registry.npmjs.org/tslib/-/tslib-2.2.0.tgz",
      "integrity": "sha512-gS9GVHRU+RGn5KQM2rllAlR3dU6m7AcpJKdtH8gFvQiC4Otgk98XnmMU+nZenHt/+VhnBPWwgrJsyrdcw6i23w=="
    },
    "node_modules/util-deprecate": {
      "version": "1.0.2",
      "resolved": "https://registry.npmjs.org/util-deprecate/-/util-deprecate-1.0.2.tgz",
      "integrity": "sha1-RQ1Nyfpw3nMnYvvS1KKJgUGaDM8=",
      "dev": true
    },
    "node_modules/uuid": {
      "version": "8.3.2",
      "resolved": "https://registry.npmjs.org/uuid/-/uuid-8.3.2.tgz",
      "integrity": "sha512-+NYs2QeMWy+GWFOEm9xnn6HCDp0l7QBD7ml8zLUmJ+93Q5NF0NocErnwkTkXVFNiX3/fpC6afS8Dhb/gz7R7eg==",
      "dev": true,
      "bin": {
        "uuid": "dist/bin/uuid"
      }
    },
    "node_modules/vlq": {
      "version": "1.0.1",
      "resolved": "https://registry.npmjs.org/vlq/-/vlq-1.0.1.tgz",
      "integrity": "sha512-gQpnTgkubC6hQgdIcRdYGDSDc+SaujOdyesZQMv6JlfQee/9Mp0Qhnys6WxDWvQnL5WZdT7o2Ul187aSt0Rq+w==",
      "dev": true
    }
  },
  "dependencies": {
    "@angular/animations": {
      "version": "11.2.9",
      "resolved": "https://registry.npmjs.org/@angular/animations/-/animations-11.2.9.tgz",
      "integrity": "sha512-6EAJRwwYB+6eNW0IIadQycS7KC1x//BpZ7vi6EioAaAw02wafjQ+6+BhGW6hbPwyTJFQAuNki5Z6P0fvN1ZhFA==",
      "dev": true,
      "requires": {
        "tslib": "^2.0.0"
      }
    },
    "@angular/common": {
      "version": "11.2.9",
      "resolved": "https://registry.npmjs.org/@angular/common/-/common-11.2.9.tgz",
      "integrity": "sha512-D60zF3F9pSpKmLKyYOjceREL2OKKIO20bZJzVqcgWQXUv0xxzHg9e6o2oOphPEj7kY/tKjIQjndRIBGA6MQHzg==",
      "dev": true,
      "requires": {
        "tslib": "^2.0.0"
      }
    },
    "@angular/core": {
      "version": "11.2.9",
      "resolved": "https://registry.npmjs.org/@angular/core/-/core-11.2.9.tgz",
      "integrity": "sha512-OLW8ThHdG5XjE9PMdBWyAm19wXEjuhWAB19qCqNerKkk1RGEOn+ISUR5Rpg5Fh3rlI4nFOm+WeOUIaq9uxF53A==",
      "dev": true,
      "requires": {
        "tslib": "^2.0.0"
      }
    },
    "@angular/forms": {
      "version": "11.2.9",
      "resolved": "https://registry.npmjs.org/@angular/forms/-/forms-11.2.9.tgz",
      "integrity": "sha512-TbimRbQoSUWYp3vTvn/1MlhEI/0SBl16MG3NCFaDoER+NEJMIGd3BMBJsmnJXXH7wlsvwpRbY6vP+Zuro00lmQ==",
      "dev": true,
      "requires": {
        "tslib": "^2.0.0"
      }
    },
    "@angular/platform-browser": {
      "version": "11.2.9",
      "resolved": "https://registry.npmjs.org/@angular/platform-browser/-/platform-browser-11.2.9.tgz",
      "integrity": "sha512-a4sMSuSRWXNP4umhXrESFS6H5uc5CQ5c4VJMWpqVO5RK5FI9wKdU1Nyds2nZkQGkD5r6pOyGQeJvEbA+vq1SbQ==",
      "dev": true,
      "requires": {
        "tslib": "^2.0.0"
      }
    },
    "@angular/router": {
      "version": "11.2.9",
      "resolved": "https://registry.npmjs.org/@angular/router/-/router-11.2.9.tgz",
      "integrity": "sha512-DNMaLXleQ4aaNJmVuwnKRkATjR3akUt4kjFFELiHMH8jEO2GBUveqsgjYibXsZ/5L6jSsvaxYvt0n2HGwxG9Tg==",
      "dev": true,
      "requires": {
        "tslib": "^2.0.0"
      }
    },
    "@igniteui/material-icons-extended": {
      "version": "2.7.0",
      "resolved": "https://registry.npmjs.org/@igniteui/material-icons-extended/-/material-icons-extended-2.7.0.tgz",
      "integrity": "sha512-2DPYDnrzplysJoaa7/hSviim4hwh2xHzrNALoumgizpmRl5RDf4Itx5plYafF+b9d2P6Latqrsvr6r5qKy2NlQ==",
      "dev": true
    },
    "@infragistics/igniteui-angular": {
      "version": "11.1.13",
      "resolved": "https://packages.infragistics.com/npm/js-licensed/@infragistics/igniteui-angular/-/igniteui-angular-11.1.13.tgz",
      "integrity": "sha1-frF0DrAVg1NYwaLIMfPvTYn6B98=",
      "dev": true,
      "requires": {
        "@igniteui/material-icons-extended": "^2.4.0",
        "@types/hammerjs": "^2.0.36",
        "hammerjs": "^2.0.8",
        "jszip": "^3.6.0",
        "lodash.mergewith": "^4.6.2",
        "resize-observer-polyfill": "^1.5.1",
        "tslib": "^2.0.0",
        "uuid": "^8.3.0"
      },
      "dependencies": {
        "tslib": {
          "version": "2.2.0",
          "resolved": "https://registry.npmjs.org/tslib/-/tslib-2.2.0.tgz",
          "integrity": "sha512-gS9GVHRU+RGn5KQM2rllAlR3dU6m7AcpJKdtH8gFvQiC4Otgk98XnmMU+nZenHt/+VhnBPWwgrJsyrdcw6i23w==",
          "dev": true
        }
      }
    },
    "@tl/tl-common": {
      "version": "9.1.178",
      "resolved": "http://tfstl:8080/tfs/DefaultCollection/_packaging/TechnoLogica.Common/npm/registry/@tl/tl-common/-/tl-common-9.1.178.tgz",
      "integrity": "sha1-cW8WmE/Jb3eIQdbbhCoLHUYJd8M=",
      "dev": true,
      "requires": {
        "tslib": "^2.0.0"
      },
      "dependencies": {
        "tslib": {
          "version": "2.2.0",
          "resolved": "https://registry.npmjs.org/tslib/-/tslib-2.2.0.tgz",
          "integrity": "sha512-gS9GVHRU+RGn5KQM2rllAlR3dU6m7AcpJKdtH8gFvQiC4Otgk98XnmMU+nZenHt/+VhnBPWwgrJsyrdcw6i23w==",
          "dev": true
        }
      }
    },
    "@types/hammerjs": {
      "version": "2.0.36",
      "resolved": "https://registry.npmjs.org/@types/hammerjs/-/hammerjs-2.0.36.tgz",
      "integrity": "sha512-7TUK/k2/QGpEAv/BCwSHlYu3NXZhQ9ZwBYpzr9tjlPIL2C5BeGhH3DmVavRx3ZNyELX5TLC91JTz/cen6AAtIQ==",
      "dev": true
    },
    "@types/marked": {
      "version": "2.0.3",
      "resolved": "https://registry.npmjs.org/@types/marked/-/marked-2.0.3.tgz",
      "integrity": "sha512-lbhSN1rht/tQ+dSWxawCzGgTfxe9DB31iLgiT1ZVT5lshpam/nyOA1m3tKHRoNPctB2ukSL22JZI5Fr+WI/zYg==",
      "dev": true
    },
    "angular-auth-oidc-client": {
      "version": "11.6.5",
      "resolved": "https://registry.npmjs.org/angular-auth-oidc-client/-/angular-auth-oidc-client-11.6.5.tgz",
      "integrity": "sha512-wu5G5caTLOrC2lLyY+y7liEX2KHRrnmbnqg7vwXsdIQQGjDNX9qd4QSFRft+1SO3YIRGL2HbdAsdQjm6eZ/42g==",
      "dev": true,
      "requires": {
        "common-tags": "^1.8.0",
        "jsrsasign-reduced": "^8.0.15",
        "tslib": "^2.0.0"
      }
    },
    "clipboard": {
      "version": "2.0.8",
      "resolved": "https://registry.npmjs.org/clipboard/-/clipboard-2.0.8.tgz",
      "integrity": "sha512-Y6WO0unAIQp5bLmk1zdThRhgJt/x3ks6f30s3oE3H1mgIEU33XyQjEf8gsf6DxC7NPX8Y1SsNWjUjL/ywLnnbQ==",
      "dev": true,
      "optional": true,
      "requires": {
        "good-listener": "^1.2.2",
        "select": "^1.1.2",
        "tiny-emitter": "^2.0.0"
      }
    },
    "commander": {
      "version": "6.2.1",
      "resolved": "https://registry.npmjs.org/commander/-/commander-6.2.1.tgz",
      "integrity": "sha512-U7VdrJFnJgo4xjrHpTzu0yrHPGImdsmD95ZlgYSEajAn2JKzDhDTPG9kBTefmObL2w/ngeZnilk+OV9CG3d7UA==",
      "dev": true
    },
    "common-tags": {
      "version": "1.8.0",
      "resolved": "https://registry.npmjs.org/common-tags/-/common-tags-1.8.0.tgz",
      "integrity": "sha512-6P6g0uetGpW/sdyUy/iQQCbFF0kWVMSIVSyYz7Zgjcgh8mgw8PQzDNZeyZ5DQ2gM7LBoZPHmnjz8rUthkBG5tw==",
      "dev": true
    },
    "core-util-is": {
      "version": "1.0.2",
      "resolved": "https://registry.npmjs.org/core-util-is/-/core-util-is-1.0.2.tgz",
      "integrity": "sha1-tf1UIgqivFq1eqtxQMlAdUUDwac=",
      "dev": true
    },
    "delegate": {
      "version": "3.2.0",
      "resolved": "https://registry.npmjs.org/delegate/-/delegate-3.2.0.tgz",
      "integrity": "sha512-IofjkYBZaZivn0V8nnsMJGBr4jVLxHDheKSW88PyxS5QC4Vo9ZbZVvhzlSxY87fVq3STR6r+4cGepyHkcWOQSw==",
      "dev": true,
      "optional": true
    },
    "emoji-toolkit": {
      "version": "6.5.1",
      "resolved": "https://registry.npmjs.org/emoji-toolkit/-/emoji-toolkit-6.5.1.tgz",
      "integrity": "sha512-oY5E81cXvRUxXkbVgOI8NxYHKF5FeWfJhFCIYUKhbVfSmdCH8+bmJzgDdhufExa7t1+WEzpUFdHwYxJTXS90vQ==",
      "dev": true
    },
    "good-listener": {
      "version": "1.2.2",
      "resolved": "https://registry.npmjs.org/good-listener/-/good-listener-1.2.2.tgz",
      "integrity": "sha1-1TswzfkxPf+33JoNR3CWqm0UXFA=",
      "dev": true,
      "optional": true,
      "requires": {
        "delegate": "^3.1.2"
      }
    },
    "hammerjs": {
      "version": "2.0.8",
      "resolved": "https://registry.npmjs.org/hammerjs/-/hammerjs-2.0.8.tgz",
      "integrity": "sha1-BO93hiz/K7edMPdpIJWTAiK/YPE=",
      "dev": true
    },
    "immediate": {
      "version": "3.0.6",
      "resolved": "https://registry.npmjs.org/immediate/-/immediate-3.0.6.tgz",
      "integrity": "sha1-nbHb0Pr43m++D13V5Wu2BigN5ps=",
      "dev": true
    },
    "inherits": {
      "version": "2.0.4",
      "resolved": "https://registry.npmjs.org/inherits/-/inherits-2.0.4.tgz",
      "integrity": "sha512-k/vGaX4/Yla3WzyMCvTQOXYeIHvqOKtnqBduzTHpzpQZzAskKMhZ2K+EnBiSM9zGSoIFeMpXKxa4dYeZIQqewQ==",
      "dev": true
    },
    "isarray": {
      "version": "1.0.0",
      "resolved": "https://registry.npmjs.org/isarray/-/isarray-1.0.0.tgz",
      "integrity": "sha1-u5NdSFgsuhaMBoNJV6VKPgcSTxE=",
      "dev": true
    },
    "jsrsasign-reduced": {
      "version": "8.0.15",
      "resolved": "https://registry.npmjs.org/jsrsasign-reduced/-/jsrsasign-reduced-8.0.15.tgz",
      "integrity": "sha512-Ig4W69nXCIUedzOSk3nqJWUr2DmSDENYfsmCqVK33GPETtPcjwREGQc92hV5jcJ6zavMvGD4tjhZ+T7JIiaSLA==",
      "dev": true
    },
    "jszip": {
      "version": "3.6.0",
      "resolved": "https://registry.npmjs.org/jszip/-/jszip-3.6.0.tgz",
      "integrity": "sha512-jgnQoG9LKnWO3mnVNBnfhkh0QknICd1FGSrXcgrl67zioyJ4wgx25o9ZqwNtrROSflGBCGYnJfjrIyRIby1OoQ==",
      "dev": true,
      "requires": {
        "lie": "~3.3.0",
        "pako": "~1.0.2",
        "readable-stream": "~2.3.6",
        "set-immediate-shim": "~1.0.1"
      }
    },
    "katex": {
      "version": "0.13.2",
      "resolved": "https://registry.npmjs.org/katex/-/katex-0.13.2.tgz",
      "integrity": "sha512-u/KhjFDhyPr+70aiBn9SL/9w/QlLagIXBi2NZSbNnBUp2tR8dCjQplyEMkEzniem5gOeSCBjlBUg4VaiWs1JJg==",
      "dev": true,
      "requires": {
        "commander": "^6.0.0"
      }
    },
    "lie": {
      "version": "3.3.0",
      "resolved": "https://registry.npmjs.org/lie/-/lie-3.3.0.tgz",
      "integrity": "sha512-UaiMJzeWRlEujzAuw5LokY1L5ecNQYZKfmyZ9L7wDHb/p5etKaxXhohBcrw0EYby+G/NA52vRSN4N39dxHAIwQ==",
      "dev": true,
      "requires": {
        "immediate": "~3.0.5"
      }
    },
    "lodash.mergewith": {
      "version": "4.6.2",
      "resolved": "https://registry.npmjs.org/lodash.mergewith/-/lodash.mergewith-4.6.2.tgz",
      "integrity": "sha512-GK3g5RPZWTRSeLSpgP8Xhra+pnjBC56q9FZYe1d5RN3TJ35dbkGy3YqBSMbyCrlbi+CM9Z3Jk5yTL7RCsqboyQ==",
      "dev": true
    },
    "marked": {
      "version": "2.0.3",
      "resolved": "https://registry.npmjs.org/marked/-/marked-2.0.3.tgz",
      "integrity": "sha512-5otztIIcJfPc2qGTN8cVtOJEjNJZ0jwa46INMagrYfk0EvqtRuEHLsEe0LrFS0/q+ZRKT0+kXK7P2T1AN5lWRA==",
      "dev": true
    },
    "ngx-logger": {
      "version": "4.2.1",
      "resolved": "https://registry.npmjs.org/ngx-logger/-/ngx-logger-4.2.1.tgz",
      "integrity": "sha512-Z4ZauhTXzTCITzZxCHgG/eM1Ad/3p9ZxRZQFbCskDOG2CS/LDe1nsTATU/K/IJv8jUDA9u3LJ1T+8Byb43OAKw==",
      "dev": true,
      "requires": {
        "tslib": "^2.0.0",
        "vlq": "^1.0.0"
      },
      "dependencies": {
        "tslib": {
          "version": "https://registry.npmjs.org/tslib/-/tslib-1.14.1.tgz",
          "integrity": "sha512-Xni35NKzjgMrwevysHTCArtLDpPvye8zV/0E4EyYn43P7/7qvQwPh9BGkHewbMulVntbigmcT7rdX3BNo9wRJg==",
          "dev": true
        }
      }
    },
    "ngx-markdown": {
      "version": "11.1.2",
      "resolved": "https://registry.npmjs.org/ngx-markdown/-/ngx-markdown-11.1.2.tgz",
      "integrity": "sha512-T+FA8K2iN7VADx7hO4ytYhRnMJjyVNPHJizrtmVFpjhRcsOTCwCmM4e1qpx1XjxSEliN9Z3mux3a+IPM4jH6+Q==",
      "dev": true,
      "requires": {
        "@types/marked": "^2.0.0",
        "emoji-toolkit": "^6.0.1",
        "katex": "^0.13.0",
        "marked": "^2.0.0",
        "prismjs": "^1.23.0",
        "tslib": "^2.0.0"
      }
    },
    "ngx-permissions": {
      "version": "8.1.1",
      "resolved": "https://registry.npmjs.org/ngx-permissions/-/ngx-permissions-8.1.1.tgz",
      "integrity": "sha512-gxpZtyg9Hucx+sgoC+iJTYL02E6GOoDCfMKZ1rDnSzIFsyGWIsaNFbSi0FaoT4diWnQ+8B/kL4mEM7ldO/FTxA==",
      "dev": true,
      "requires": {
        "tslib": "^1.10.0"
      },
      "dependencies": {
        "tslib": {
          "version": "1.14.1",
          "resolved": "https://registry.npmjs.org/tslib/-/tslib-1.14.1.tgz",
          "integrity": "sha512-Xni35NKzjgMrwevysHTCArtLDpPvye8zV/0E4EyYn43P7/7qvQwPh9BGkHewbMulVntbigmcT7rdX3BNo9wRJg==",
          "dev": true
        }
      }
    },
    "pako": {
      "version": "1.0.11",
      "resolved": "https://registry.npmjs.org/pako/-/pako-1.0.11.tgz",
      "integrity": "sha512-4hLB8Py4zZce5s4yd9XzopqwVv/yGNhV1Bl8NTmCq1763HeK2+EwVTv+leGeL13Dnh2wfbqowVPXCIO0z4taYw==",
      "dev": true
    },
    "prismjs": {
      "version": "1.23.0",
      "resolved": "https://registry.npmjs.org/prismjs/-/prismjs-1.23.0.tgz",
      "integrity": "sha512-c29LVsqOaLbBHuIbsTxaKENh1N2EQBOHaWv7gkHN4dgRbxSREqDnDbtFJYdpPauS4YCplMSNCABQ6Eeor69bAA==",
      "dev": true,
      "requires": {
        "clipboard": "^2.0.0"
      }
    },
    "process-nextick-args": {
      "version": "2.0.1",
      "resolved": "https://registry.npmjs.org/process-nextick-args/-/process-nextick-args-2.0.1.tgz",
      "integrity": "sha512-3ouUOpQhtgrbOa17J7+uxOTpITYWaGP7/AhoR3+A+/1e9skrzelGi/dXzEYyvbxubEF6Wn2ypscTKiKJFFn1ag==",
      "dev": true
    },
    "readable-stream": {
      "version": "2.3.7",
      "resolved": "https://registry.npmjs.org/readable-stream/-/readable-stream-2.3.7.tgz",
      "integrity": "sha512-Ebho8K4jIbHAxnuxi7o42OrZgF/ZTNcsZj6nRKyUmkhLFq8CHItp/fy6hQZuZmP/n3yZ9VBUbp4zz/mX8hmYPw==",
      "dev": true,
      "requires": {
        "core-util-is": "~1.0.0",
        "inherits": "~2.0.3",
        "isarray": "~1.0.0",
        "process-nextick-args": "~2.0.0",
        "safe-buffer": "~5.1.1",
        "string_decoder": "~1.1.1",
        "util-deprecate": "~1.0.1"
      }
    },
    "resize-observer-polyfill": {
      "version": "1.5.1",
      "resolved": "https://registry.npmjs.org/resize-observer-polyfill/-/resize-observer-polyfill-1.5.1.tgz",
      "integrity": "sha512-LwZrotdHOo12nQuZlHEmtuXdqGoOD0OhaxopaNFxWzInpEgaLWoVuAMbTzixuosCx2nEG58ngzW3vxdWoxIgdg==",
      "dev": true
    },
    "safe-buffer": {
      "version": "5.1.2",
      "resolved": "https://registry.npmjs.org/safe-buffer/-/safe-buffer-5.1.2.tgz",
      "integrity": "sha512-Gd2UZBJDkXlY7GbJxfsE8/nvKkUEU1G38c1siN6QP6a9PT9MmHB8GnpscSmMJSoF8LOIrt8ud/wPtojys4G6+g==",
      "dev": true
    },
    "select": {
      "version": "1.1.2",
      "resolved": "https://registry.npmjs.org/select/-/select-1.1.2.tgz",
      "integrity": "sha1-DnNQrN7ICxEIUoeG7B1EGNEbOW0=",
      "dev": true,
      "optional": true
    },
    "set-immediate-shim": {
      "version": "1.0.1",
      "resolved": "https://registry.npmjs.org/set-immediate-shim/-/set-immediate-shim-1.0.1.tgz",
      "integrity": "sha1-SysbJ+uAip+NzEgaWOXlb1mfP2E=",
      "dev": true
    },
    "string_decoder": {
      "version": "1.1.1",
      "resolved": "https://registry.npmjs.org/string_decoder/-/string_decoder-1.1.1.tgz",
      "integrity": "sha512-n/ShnvDi6FHbbVfviro+WojiFzv+s8MPMHBczVePfUpDJLwoLT0ht1l4YwBCbi8pJAveEEdnkHyPyTP/mzRfwg==",
      "dev": true,
      "requires": {
        "safe-buffer": "~5.1.0"
      }
    },
    "tiny-emitter": {
      "version": "2.1.0",
      "resolved": "https://registry.npmjs.org/tiny-emitter/-/tiny-emitter-2.1.0.tgz",
      "integrity": "sha512-NB6Dk1A9xgQPMoGqC5CVXn123gWyte215ONT5Pp5a0yt4nlEoO1ZWeCwpncaekPHXO60i47ihFnZPiRPjRMq4Q==",
      "dev": true,
      "optional": true
    },
    "tslib": {
      "version": "2.2.0",
      "resolved": "https://registry.npmjs.org/tslib/-/tslib-2.2.0.tgz",
      "integrity": "sha512-gS9GVHRU+RGn5KQM2rllAlR3dU6m7AcpJKdtH8gFvQiC4Otgk98XnmMU+nZenHt/+VhnBPWwgrJsyrdcw6i23w=="
    },
    "util-deprecate": {
      "version": "1.0.2",
      "resolved": "https://registry.npmjs.org/util-deprecate/-/util-deprecate-1.0.2.tgz",
      "integrity": "sha1-RQ1Nyfpw3nMnYvvS1KKJgUGaDM8=",
      "dev": true
    },
    "uuid": {
      "version": "8.3.2",
      "resolved": "https://registry.npmjs.org/uuid/-/uuid-8.3.2.tgz",
      "integrity": "sha512-+NYs2QeMWy+GWFOEm9xnn6HCDp0l7QBD7ml8zLUmJ+93Q5NF0NocErnwkTkXVFNiX3/fpC6afS8Dhb/gz7R7eg==",
      "dev": true
    },
    "vlq": {
      "version": "1.0.1",
      "resolved": "https://registry.npmjs.org/vlq/-/vlq-1.0.1.tgz",
      "integrity": "sha512-gQpnTgkubC6hQgdIcRdYGDSDc+SaujOdyesZQMv6JlfQee/9Mp0Qhnys6WxDWvQnL5WZdT7o2Ul187aSt0Rq+w==",
      "dev": true
    }
  }
}
