
Microsoft Visual Studio Solution File, Format Version 12.00
# Visual Studio Version 16
VisualStudioVersion = 16.0.29209.62
MinimumVisualStudioVersion = 10.0.40219.1
Project("{9A19103F-16F7-4668-BE54-9A1E7A4F7556}") = "RegiX.Core.Metadata.API", "RegiX.Core.Metadata.API\RegiX.Core.Metadata.API.csproj", "{10026D31-0192-4AB8-9438-B49C88B15BAE}"
EndProject
Project("{FAE04EC0-301F-11D3-BF4B-00C04F79EFBC}") = "ClientTest", "..\ClientTest\ClientTest.csproj", "{E5002821-74D8-4A4C-80F2-E41E1BE68C12}"
EndProject
Global
	GlobalSection(SolutionConfigurationPlatforms) = preSolution
		Debug|Any CPU = Debug|Any CPU
		Release|Any CPU = Release|Any CPU
	EndGlobalSection
	GlobalSection(ProjectConfigurationPlatforms) = postSolution
		{10026D31-0192-4AB8-9438-B49C88B15BAE}.Debug|Any CPU.ActiveCfg = Debug|Any CPU
		{10026D31-0192-4AB8-9438-B49C88B15BAE}.Debug|Any CPU.Build.0 = Debug|Any CPU
		{10026D31-0192-4AB8-9438-B49C88B15BAE}.Release|Any CPU.ActiveCfg = Release|Any CPU
		{10026D31-0192-4AB8-9438-B49C88B15BAE}.Release|Any CPU.Build.0 = Release|Any CPU
		{E5002821-74D8-4A4C-80F2-E41E1BE68C12}.Debug|Any CPU.ActiveCfg = Debug|Any CPU
		{E5002821-74D8-4A4C-80F2-E41E1BE68C12}.Debug|Any CPU.Build.0 = Debug|Any CPU
		{E5002821-74D8-4A4C-80F2-E41E1BE68C12}.Release|Any CPU.ActiveCfg = Release|Any CPU
		{E5002821-74D8-4A4C-80F2-E41E1BE68C12}.Release|Any CPU.Build.0 = Release|Any CPU
	EndGlobalSection
	GlobalSection(SolutionProperties) = preSolution
		HideSolutionNode = FALSE
	EndGlobalSection
	GlobalSection(ExtensibilityGlobals) = postSolution
		SolutionGuid = {4B587278-9D7E-42F0-9C69-99DFDDA3D2D5}
	EndGlobalSection
EndGlobal
