
Microsoft Visual Studio Solution File, Format Version 12.00
# Visual Studio 15
VisualStudioVersion = 15.0.26124.0
MinimumVisualStudioVersion = 15.0.26124.0
Project("{9A19103F-16F7-4668-BE54-9A1E7A4F7556}") = "RegiX.MtTouristRegisterAdapter", "RegiX.MtTouristRegisterAdapter\RegiX.MtTouristRegisterAdapter.csproj", "{12AA4C28-E236-4F04-9EBD-19E7F072584E}"
EndProject
Project("{9A19103F-16F7-4668-BE54-9A1E7A4F7556}") = "RegiX.MtTouristRegisterAdapter.Mocks", "RegiX.MtTouristRegisterAdapter.Mocks\RegiX.MtTouristRegisterAdapter.Mocks.csproj", "{AB724F70-EB8B-4166-BBD2-A80CD317038A}"
EndProject
Project("{9A19103F-16F7-4668-BE54-9A1E7A4F7556}") = "RegiX.MtTouristRegisterAdapter.Tests", "RegiX.MtTouristRegisterAdapter.Tests\RegiX.MtTouristRegisterAdapter.Tests.csproj", "{2FA64E15-649E-44D9-AA4D-E865CA89F334}"
EndProject
Project("{2150E333-8FDC-42A3-9474-1A3956D46DE8}") = "Solution Items", "Solution Items", "{F4586E7F-60FE-4930-ADEC-0C90D8A1A470}"
	ProjectSection(SolutionItems) = preProject
		azure-devops.yaml = azure-devops.yaml
		readme.md = readme.md
	EndProjectSection
EndProject
Global
	GlobalSection(SolutionConfigurationPlatforms) = preSolution
		Debug|Any CPU = Debug|Any CPU
		Debug|x64 = Debug|x64
		Debug|x86 = Debug|x86
		Release|Any CPU = Release|Any CPU
		Release|x64 = Release|x64
		Release|x86 = Release|x86
	EndGlobalSection
	GlobalSection(ProjectConfigurationPlatforms) = postSolution
		{12AA4C28-E236-4F04-9EBD-19E7F072584E}.Debug|Any CPU.ActiveCfg = Debug|Any CPU
		{12AA4C28-E236-4F04-9EBD-19E7F072584E}.Debug|Any CPU.Build.0 = Debug|Any CPU
		{12AA4C28-E236-4F04-9EBD-19E7F072584E}.Debug|x64.ActiveCfg = Debug|Any CPU
		{12AA4C28-E236-4F04-9EBD-19E7F072584E}.Debug|x64.Build.0 = Debug|Any CPU
		{12AA4C28-E236-4F04-9EBD-19E7F072584E}.Debug|x86.ActiveCfg = Debug|Any CPU
		{12AA4C28-E236-4F04-9EBD-19E7F072584E}.Debug|x86.Build.0 = Debug|Any CPU
		{12AA4C28-E236-4F04-9EBD-19E7F072584E}.Release|Any CPU.ActiveCfg = Release|Any CPU
		{12AA4C28-E236-4F04-9EBD-19E7F072584E}.Release|Any CPU.Build.0 = Release|Any CPU
		{12AA4C28-E236-4F04-9EBD-19E7F072584E}.Release|x64.ActiveCfg = Release|Any CPU
		{12AA4C28-E236-4F04-9EBD-19E7F072584E}.Release|x64.Build.0 = Release|Any CPU
		{12AA4C28-E236-4F04-9EBD-19E7F072584E}.Release|x86.ActiveCfg = Release|Any CPU
		{12AA4C28-E236-4F04-9EBD-19E7F072584E}.Release|x86.Build.0 = Release|Any CPU
		{AB724F70-EB8B-4166-BBD2-A80CD317038A}.Debug|Any CPU.ActiveCfg = Debug|Any CPU
		{AB724F70-EB8B-4166-BBD2-A80CD317038A}.Debug|Any CPU.Build.0 = Debug|Any CPU
		{AB724F70-EB8B-4166-BBD2-A80CD317038A}.Debug|x64.ActiveCfg = Debug|Any CPU
		{AB724F70-EB8B-4166-BBD2-A80CD317038A}.Debug|x64.Build.0 = Debug|Any CPU
		{AB724F70-EB8B-4166-BBD2-A80CD317038A}.Debug|x86.ActiveCfg = Debug|Any CPU
		{AB724F70-EB8B-4166-BBD2-A80CD317038A}.Debug|x86.Build.0 = Debug|Any CPU
		{AB724F70-EB8B-4166-BBD2-A80CD317038A}.Release|Any CPU.ActiveCfg = Release|Any CPU
		{AB724F70-EB8B-4166-BBD2-A80CD317038A}.Release|Any CPU.Build.0 = Release|Any CPU
		{AB724F70-EB8B-4166-BBD2-A80CD317038A}.Release|x64.ActiveCfg = Release|Any CPU
		{AB724F70-EB8B-4166-BBD2-A80CD317038A}.Release|x64.Build.0 = Release|Any CPU
		{AB724F70-EB8B-4166-BBD2-A80CD317038A}.Release|x86.ActiveCfg = Release|Any CPU
		{AB724F70-EB8B-4166-BBD2-A80CD317038A}.Release|x86.Build.0 = Release|Any CPU
		{2FA64E15-649E-44D9-AA4D-E865CA89F334}.Debug|Any CPU.ActiveCfg = Debug|Any CPU
		{2FA64E15-649E-44D9-AA4D-E865CA89F334}.Debug|Any CPU.Build.0 = Debug|Any CPU
		{2FA64E15-649E-44D9-AA4D-E865CA89F334}.Debug|x64.ActiveCfg = Debug|Any CPU
		{2FA64E15-649E-44D9-AA4D-E865CA89F334}.Debug|x64.Build.0 = Debug|Any CPU
		{2FA64E15-649E-44D9-AA4D-E865CA89F334}.Debug|x86.ActiveCfg = Debug|Any CPU
		{2FA64E15-649E-44D9-AA4D-E865CA89F334}.Debug|x86.Build.0 = Debug|Any CPU
		{2FA64E15-649E-44D9-AA4D-E865CA89F334}.Release|Any CPU.ActiveCfg = Release|Any CPU
		{2FA64E15-649E-44D9-AA4D-E865CA89F334}.Release|Any CPU.Build.0 = Release|Any CPU
		{2FA64E15-649E-44D9-AA4D-E865CA89F334}.Release|x64.ActiveCfg = Release|Any CPU
		{2FA64E15-649E-44D9-AA4D-E865CA89F334}.Release|x64.Build.0 = Release|Any CPU
		{2FA64E15-649E-44D9-AA4D-E865CA89F334}.Release|x86.ActiveCfg = Release|Any CPU
		{2FA64E15-649E-44D9-AA4D-E865CA89F334}.Release|x86.Build.0 = Release|Any CPU
	EndGlobalSection
	GlobalSection(SolutionProperties) = preSolution
		HideSolutionNode = FALSE
	EndGlobalSection
	GlobalSection(ExtensibilityGlobals) = postSolution
		SolutionGuid = {D939B477-982B-44AC-8EC3-6A303A1E739B}
	EndGlobalSection
EndGlobal
