
Microsoft Visual Studio Solution File, Format Version 12.00
# Visual Studio 15
VisualStudioVersion = 15.0.26124.0
MinimumVisualStudioVersion = 15.0.26124.0
Project("{9A19103F-16F7-4668-BE54-9A1E7A4F7556}") = "RegiX.MtEstiAdapter", "RegiX.MtEstiAdapter\RegiX.MtEstiAdapter.csproj", "{1404FCA2-0080-43D2-8C39-337ED8257848}"
EndProject
Project("{9A19103F-16F7-4668-BE54-9A1E7A4F7556}") = "RegiX.MtEstiAdapter.Mocks", "RegiX.MtEstiAdapter.Mocks\RegiX.MtEstiAdapter.Mocks.csproj", "{ED0EE1A9-F9EC-4372-8E16-5A16CD1E152A}"
EndProject
Project("{9A19103F-16F7-4668-BE54-9A1E7A4F7556}") = "RegiX.MtEstiAdapter.Tests", "RegiX.MtEstiAdapter.Tests\RegiX.MtEstiAdapter.Tests.csproj", "{30580B21-6949-4716-889A-EEBEF6316485}"
EndProject
Project("{2150E333-8FDC-42A3-9474-1A3956D46DE8}") = "Solution Items", "Solution Items", "{7228EFB7-F73C-494E-8157-6FF8A2D4F063}"
	ProjectSection(SolutionItems) = preProject
		azure-devops.yaml = azure-devops.yaml
		readme.md = readme.md
	EndProjectSection
EndProject
Global
	GlobalSection(SolutionConfigurationPlatforms) = preSolution
		Debug|Any CPU = Debug|Any CPU
		Debug|x64 = Debug|x64
		Debug|x86 = Debug|x86
		Release|Any CPU = Release|Any CPU
		Release|x64 = Release|x64
		Release|x86 = Release|x86
	EndGlobalSection
	GlobalSection(ProjectConfigurationPlatforms) = postSolution
		{1404FCA2-0080-43D2-8C39-337ED8257848}.Debug|Any CPU.ActiveCfg = Debug|Any CPU
		{1404FCA2-0080-43D2-8C39-337ED8257848}.Debug|Any CPU.Build.0 = Debug|Any CPU
		{1404FCA2-0080-43D2-8C39-337ED8257848}.Debug|x64.ActiveCfg = Debug|Any CPU
		{1404FCA2-0080-43D2-8C39-337ED8257848}.Debug|x64.Build.0 = Debug|Any CPU
		{1404FCA2-0080-43D2-8C39-337ED8257848}.Debug|x86.ActiveCfg = Debug|Any CPU
		{1404FCA2-0080-43D2-8C39-337ED8257848}.Debug|x86.Build.0 = Debug|Any CPU
		{1404FCA2-0080-43D2-8C39-337ED8257848}.Release|Any CPU.ActiveCfg = Release|Any CPU
		{1404FCA2-0080-43D2-8C39-337ED8257848}.Release|Any CPU.Build.0 = Release|Any CPU
		{1404FCA2-0080-43D2-8C39-337ED8257848}.Release|x64.ActiveCfg = Release|Any CPU
		{1404FCA2-0080-43D2-8C39-337ED8257848}.Release|x64.Build.0 = Release|Any CPU
		{1404FCA2-0080-43D2-8C39-337ED8257848}.Release|x86.ActiveCfg = Release|Any CPU
		{1404FCA2-0080-43D2-8C39-337ED8257848}.Release|x86.Build.0 = Release|Any CPU
		{ED0EE1A9-F9EC-4372-8E16-5A16CD1E152A}.Debug|Any CPU.ActiveCfg = Debug|Any CPU
		{ED0EE1A9-F9EC-4372-8E16-5A16CD1E152A}.Debug|Any CPU.Build.0 = Debug|Any CPU
		{ED0EE1A9-F9EC-4372-8E16-5A16CD1E152A}.Debug|x64.ActiveCfg = Debug|Any CPU
		{ED0EE1A9-F9EC-4372-8E16-5A16CD1E152A}.Debug|x64.Build.0 = Debug|Any CPU
		{ED0EE1A9-F9EC-4372-8E16-5A16CD1E152A}.Debug|x86.ActiveCfg = Debug|Any CPU
		{ED0EE1A9-F9EC-4372-8E16-5A16CD1E152A}.Debug|x86.Build.0 = Debug|Any CPU
		{ED0EE1A9-F9EC-4372-8E16-5A16CD1E152A}.Release|Any CPU.ActiveCfg = Release|Any CPU
		{ED0EE1A9-F9EC-4372-8E16-5A16CD1E152A}.Release|Any CPU.Build.0 = Release|Any CPU
		{ED0EE1A9-F9EC-4372-8E16-5A16CD1E152A}.Release|x64.ActiveCfg = Release|Any CPU
		{ED0EE1A9-F9EC-4372-8E16-5A16CD1E152A}.Release|x64.Build.0 = Release|Any CPU
		{ED0EE1A9-F9EC-4372-8E16-5A16CD1E152A}.Release|x86.ActiveCfg = Release|Any CPU
		{ED0EE1A9-F9EC-4372-8E16-5A16CD1E152A}.Release|x86.Build.0 = Release|Any CPU
		{30580B21-6949-4716-889A-EEBEF6316485}.Debug|Any CPU.ActiveCfg = Debug|Any CPU
		{30580B21-6949-4716-889A-EEBEF6316485}.Debug|Any CPU.Build.0 = Debug|Any CPU
		{30580B21-6949-4716-889A-EEBEF6316485}.Debug|x64.ActiveCfg = Debug|Any CPU
		{30580B21-6949-4716-889A-EEBEF6316485}.Debug|x64.Build.0 = Debug|Any CPU
		{30580B21-6949-4716-889A-EEBEF6316485}.Debug|x86.ActiveCfg = Debug|Any CPU
		{30580B21-6949-4716-889A-EEBEF6316485}.Debug|x86.Build.0 = Debug|Any CPU
		{30580B21-6949-4716-889A-EEBEF6316485}.Release|Any CPU.ActiveCfg = Release|Any CPU
		{30580B21-6949-4716-889A-EEBEF6316485}.Release|Any CPU.Build.0 = Release|Any CPU
		{30580B21-6949-4716-889A-EEBEF6316485}.Release|x64.ActiveCfg = Release|Any CPU
		{30580B21-6949-4716-889A-EEBEF6316485}.Release|x64.Build.0 = Release|Any CPU
		{30580B21-6949-4716-889A-EEBEF6316485}.Release|x86.ActiveCfg = Release|Any CPU
		{30580B21-6949-4716-889A-EEBEF6316485}.Release|x86.Build.0 = Release|Any CPU
	EndGlobalSection
	GlobalSection(SolutionProperties) = preSolution
		HideSolutionNode = FALSE
	EndGlobalSection
	GlobalSection(ExtensibilityGlobals) = postSolution
		SolutionGuid = {DA6B3091-5D07-431C-9096-3FD94800DED5}
	EndGlobalSection
EndGlobal
