
Microsoft Visual Studio Solution File, Format Version 12.00
# Visual Studio 15
VisualStudioVersion = 15.0.26124.0
MinimumVisualStudioVersion = 15.0.26124.0
Project("{9A19103F-16F7-4668-BE54-9A1E7A4F7556}") = "RegiX.IaaaEducationCentersAdapter", "RegiX.IaaaEducationCentersAdapter\RegiX.IaaaEducationCentersAdapter.csproj", "{19648250-B7F0-4E1F-9509-B7B61BEF1D05}"
EndProject
Project("{9A19103F-16F7-4668-BE54-9A1E7A4F7556}") = "RegiX.IaaaEducationCentersAdapter.Mocks", "RegiX.IaaaEducationCentersAdapter.Mocks\RegiX.IaaaEducationCentersAdapter.Mocks.csproj", "{5186C2B4-681E-4D2E-8EF0-BD7C25FA57A9}"
EndProject
Project("{9A19103F-16F7-4668-BE54-9A1E7A4F7556}") = "RegiX.IaaaEducationCentersAdapter.Tests", "RegiX.IaaaEducationCentersAdapter.Tests\RegiX.IaaaEducationCentersAdapter.Tests.csproj", "{92F61225-59A7-4D9D-A3C3-A3F4C49388D7}"
EndProject
Project("{2150E333-8FDC-42A3-9474-1A3956D46DE8}") = "Solution Items", "Solution Items", "{073A1F38-273E-4B48-B1CF-388FF4EB292D}"
	ProjectSection(SolutionItems) = preProject
		azure-devops.yaml = azure-devops.yaml
		readme.md = readme.md
	EndProjectSection
EndProject
Global
	GlobalSection(SolutionConfigurationPlatforms) = preSolution
		Debug|Any CPU = Debug|Any CPU
		Debug|x64 = Debug|x64
		Debug|x86 = Debug|x86
		Release|Any CPU = Release|Any CPU
		Release|x64 = Release|x64
		Release|x86 = Release|x86
	EndGlobalSection
	GlobalSection(ProjectConfigurationPlatforms) = postSolution
		{19648250-B7F0-4E1F-9509-B7B61BEF1D05}.Debug|Any CPU.ActiveCfg = Debug|Any CPU
		{19648250-B7F0-4E1F-9509-B7B61BEF1D05}.Debug|Any CPU.Build.0 = Debug|Any CPU
		{19648250-B7F0-4E1F-9509-B7B61BEF1D05}.Debug|x64.ActiveCfg = Debug|Any CPU
		{19648250-B7F0-4E1F-9509-B7B61BEF1D05}.Debug|x64.Build.0 = Debug|Any CPU
		{19648250-B7F0-4E1F-9509-B7B61BEF1D05}.Debug|x86.ActiveCfg = Debug|Any CPU
		{19648250-B7F0-4E1F-9509-B7B61BEF1D05}.Debug|x86.Build.0 = Debug|Any CPU
		{19648250-B7F0-4E1F-9509-B7B61BEF1D05}.Release|Any CPU.ActiveCfg = Release|Any CPU
		{19648250-B7F0-4E1F-9509-B7B61BEF1D05}.Release|Any CPU.Build.0 = Release|Any CPU
		{19648250-B7F0-4E1F-9509-B7B61BEF1D05}.Release|x64.ActiveCfg = Release|Any CPU
		{19648250-B7F0-4E1F-9509-B7B61BEF1D05}.Release|x64.Build.0 = Release|Any CPU
		{19648250-B7F0-4E1F-9509-B7B61BEF1D05}.Release|x86.ActiveCfg = Release|Any CPU
		{19648250-B7F0-4E1F-9509-B7B61BEF1D05}.Release|x86.Build.0 = Release|Any CPU
		{5186C2B4-681E-4D2E-8EF0-BD7C25FA57A9}.Debug|Any CPU.ActiveCfg = Debug|Any CPU
		{5186C2B4-681E-4D2E-8EF0-BD7C25FA57A9}.Debug|Any CPU.Build.0 = Debug|Any CPU
		{5186C2B4-681E-4D2E-8EF0-BD7C25FA57A9}.Debug|x64.ActiveCfg = Debug|Any CPU
		{5186C2B4-681E-4D2E-8EF0-BD7C25FA57A9}.Debug|x64.Build.0 = Debug|Any CPU
		{5186C2B4-681E-4D2E-8EF0-BD7C25FA57A9}.Debug|x86.ActiveCfg = Debug|Any CPU
		{5186C2B4-681E-4D2E-8EF0-BD7C25FA57A9}.Debug|x86.Build.0 = Debug|Any CPU
		{5186C2B4-681E-4D2E-8EF0-BD7C25FA57A9}.Release|Any CPU.ActiveCfg = Release|Any CPU
		{5186C2B4-681E-4D2E-8EF0-BD7C25FA57A9}.Release|Any CPU.Build.0 = Release|Any CPU
		{5186C2B4-681E-4D2E-8EF0-BD7C25FA57A9}.Release|x64.ActiveCfg = Release|Any CPU
		{5186C2B4-681E-4D2E-8EF0-BD7C25FA57A9}.Release|x64.Build.0 = Release|Any CPU
		{5186C2B4-681E-4D2E-8EF0-BD7C25FA57A9}.Release|x86.ActiveCfg = Release|Any CPU
		{5186C2B4-681E-4D2E-8EF0-BD7C25FA57A9}.Release|x86.Build.0 = Release|Any CPU
		{92F61225-59A7-4D9D-A3C3-A3F4C49388D7}.Debug|Any CPU.ActiveCfg = Debug|Any CPU
		{92F61225-59A7-4D9D-A3C3-A3F4C49388D7}.Debug|Any CPU.Build.0 = Debug|Any CPU
		{92F61225-59A7-4D9D-A3C3-A3F4C49388D7}.Debug|x64.ActiveCfg = Debug|Any CPU
		{92F61225-59A7-4D9D-A3C3-A3F4C49388D7}.Debug|x64.Build.0 = Debug|Any CPU
		{92F61225-59A7-4D9D-A3C3-A3F4C49388D7}.Debug|x86.ActiveCfg = Debug|Any CPU
		{92F61225-59A7-4D9D-A3C3-A3F4C49388D7}.Debug|x86.Build.0 = Debug|Any CPU
		{92F61225-59A7-4D9D-A3C3-A3F4C49388D7}.Release|Any CPU.ActiveCfg = Release|Any CPU
		{92F61225-59A7-4D9D-A3C3-A3F4C49388D7}.Release|Any CPU.Build.0 = Release|Any CPU
		{92F61225-59A7-4D9D-A3C3-A3F4C49388D7}.Release|x64.ActiveCfg = Release|Any CPU
		{92F61225-59A7-4D9D-A3C3-A3F4C49388D7}.Release|x64.Build.0 = Release|Any CPU
		{92F61225-59A7-4D9D-A3C3-A3F4C49388D7}.Release|x86.ActiveCfg = Release|Any CPU
		{92F61225-59A7-4D9D-A3C3-A3F4C49388D7}.Release|x86.Build.0 = Release|Any CPU
	EndGlobalSection
	GlobalSection(SolutionProperties) = preSolution
		HideSolutionNode = FALSE
	EndGlobalSection
	GlobalSection(ExtensibilityGlobals) = postSolution
		SolutionGuid = {F4B0D08A-555B-4329-B441-3A2A2A80DE77}
	EndGlobalSection
EndGlobal
