
Microsoft Visual Studio Solution File, Format Version 12.00
# Visual Studio 15
VisualStudioVersion = 15.0.26124.0
MinimumVisualStudioVersion = 15.0.26124.0
Project("{9A19103F-16F7-4668-BE54-9A1E7A4F7556}") = "RegiX.NapooStudentDocumentsAdapter", "RegiX.NapooStudentDocumentsAdapter\RegiX.NapooStudentDocumentsAdapter.csproj", "{EFACF47F-93B2-4430-B100-60B6B0E88378}"
EndProject
Project("{9A19103F-16F7-4668-BE54-9A1E7A4F7556}") = "RegiX.NapooStudentDocumentsAdapter.Mocks", "RegiX.NapooStudentDocumentsAdapter.Mocks\RegiX.NapooStudentDocumentsAdapter.Mocks.csproj", "{773F9706-7A51-48A0-A465-0EDC4D7F01A8}"
EndProject
Project("{9A19103F-16F7-4668-BE54-9A1E7A4F7556}") = "RegiX.NapooStudentDocumentsAdapter.Tests", "RegiX.NapooStudentDocumentsAdapter.Tests\RegiX.NapooStudentDocumentsAdapter.Tests.csproj", "{B1E94BFE-AA56-48D7-AE80-1887286E885F}"
EndProject
Project("{2150E333-8FDC-42A3-9474-1A3956D46DE8}") = "Solution Items", "Solution Items", "{48543920-9ACD-4D34-B6DB-AF802C5D1E0F}"
	ProjectSection(SolutionItems) = preProject
		azure-devops.yaml = azure-devops.yaml
		readme.md = readme.md
	EndProjectSection
EndProject
Global
	GlobalSection(SolutionConfigurationPlatforms) = preSolution
		Debug|Any CPU = Debug|Any CPU
		Debug|x64 = Debug|x64
		Debug|x86 = Debug|x86
		Release|Any CPU = Release|Any CPU
		Release|x64 = Release|x64
		Release|x86 = Release|x86
	EndGlobalSection
	GlobalSection(ProjectConfigurationPlatforms) = postSolution
		{EFACF47F-93B2-4430-B100-60B6B0E88378}.Debug|Any CPU.ActiveCfg = Debug|Any CPU
		{EFACF47F-93B2-4430-B100-60B6B0E88378}.Debug|Any CPU.Build.0 = Debug|Any CPU
		{EFACF47F-93B2-4430-B100-60B6B0E88378}.Debug|x64.ActiveCfg = Debug|Any CPU
		{EFACF47F-93B2-4430-B100-60B6B0E88378}.Debug|x64.Build.0 = Debug|Any CPU
		{EFACF47F-93B2-4430-B100-60B6B0E88378}.Debug|x86.ActiveCfg = Debug|Any CPU
		{EFACF47F-93B2-4430-B100-60B6B0E88378}.Debug|x86.Build.0 = Debug|Any CPU
		{EFACF47F-93B2-4430-B100-60B6B0E88378}.Release|Any CPU.ActiveCfg = Release|Any CPU
		{EFACF47F-93B2-4430-B100-60B6B0E88378}.Release|Any CPU.Build.0 = Release|Any CPU
		{EFACF47F-93B2-4430-B100-60B6B0E88378}.Release|x64.ActiveCfg = Release|Any CPU
		{EFACF47F-93B2-4430-B100-60B6B0E88378}.Release|x64.Build.0 = Release|Any CPU
		{EFACF47F-93B2-4430-B100-60B6B0E88378}.Release|x86.ActiveCfg = Release|Any CPU
		{EFACF47F-93B2-4430-B100-60B6B0E88378}.Release|x86.Build.0 = Release|Any CPU
		{773F9706-7A51-48A0-A465-0EDC4D7F01A8}.Debug|Any CPU.ActiveCfg = Debug|Any CPU
		{773F9706-7A51-48A0-A465-0EDC4D7F01A8}.Debug|Any CPU.Build.0 = Debug|Any CPU
		{773F9706-7A51-48A0-A465-0EDC4D7F01A8}.Debug|x64.ActiveCfg = Debug|Any CPU
		{773F9706-7A51-48A0-A465-0EDC4D7F01A8}.Debug|x64.Build.0 = Debug|Any CPU
		{773F9706-7A51-48A0-A465-0EDC4D7F01A8}.Debug|x86.ActiveCfg = Debug|Any CPU
		{773F9706-7A51-48A0-A465-0EDC4D7F01A8}.Debug|x86.Build.0 = Debug|Any CPU
		{773F9706-7A51-48A0-A465-0EDC4D7F01A8}.Release|Any CPU.ActiveCfg = Release|Any CPU
		{773F9706-7A51-48A0-A465-0EDC4D7F01A8}.Release|Any CPU.Build.0 = Release|Any CPU
		{773F9706-7A51-48A0-A465-0EDC4D7F01A8}.Release|x64.ActiveCfg = Release|Any CPU
		{773F9706-7A51-48A0-A465-0EDC4D7F01A8}.Release|x64.Build.0 = Release|Any CPU
		{773F9706-7A51-48A0-A465-0EDC4D7F01A8}.Release|x86.ActiveCfg = Release|Any CPU
		{773F9706-7A51-48A0-A465-0EDC4D7F01A8}.Release|x86.Build.0 = Release|Any CPU
		{B1E94BFE-AA56-48D7-AE80-1887286E885F}.Debug|Any CPU.ActiveCfg = Debug|Any CPU
		{B1E94BFE-AA56-48D7-AE80-1887286E885F}.Debug|Any CPU.Build.0 = Debug|Any CPU
		{B1E94BFE-AA56-48D7-AE80-1887286E885F}.Debug|x64.ActiveCfg = Debug|Any CPU
		{B1E94BFE-AA56-48D7-AE80-1887286E885F}.Debug|x64.Build.0 = Debug|Any CPU
		{B1E94BFE-AA56-48D7-AE80-1887286E885F}.Debug|x86.ActiveCfg = Debug|Any CPU
		{B1E94BFE-AA56-48D7-AE80-1887286E885F}.Debug|x86.Build.0 = Debug|Any CPU
		{B1E94BFE-AA56-48D7-AE80-1887286E885F}.Release|Any CPU.ActiveCfg = Release|Any CPU
		{B1E94BFE-AA56-48D7-AE80-1887286E885F}.Release|Any CPU.Build.0 = Release|Any CPU
		{B1E94BFE-AA56-48D7-AE80-1887286E885F}.Release|x64.ActiveCfg = Release|Any CPU
		{B1E94BFE-AA56-48D7-AE80-1887286E885F}.Release|x64.Build.0 = Release|Any CPU
		{B1E94BFE-AA56-48D7-AE80-1887286E885F}.Release|x86.ActiveCfg = Release|Any CPU
		{B1E94BFE-AA56-48D7-AE80-1887286E885F}.Release|x86.Build.0 = Release|Any CPU
	EndGlobalSection
	GlobalSection(SolutionProperties) = preSolution
		HideSolutionNode = FALSE
	EndGlobalSection
	GlobalSection(ExtensibilityGlobals) = postSolution
		SolutionGuid = {7E60BE8B-6D7B-4D80-8F2B-EE35C7F65EA2}
	EndGlobalSection
EndGlobal
