
Microsoft Visual Studio Solution File, Format Version 12.00
# Visual Studio 15
VisualStudioVersion = 15.0.26124.0
MinimumVisualStudioVersion = 15.0.26124.0
Project("{9A19103F-16F7-4668-BE54-9A1E7A4F7556}") = "RegiX.KzldAdministratorsAdapter", "RegiX.KzldAdministratorsAdapter\RegiX.KzldAdministratorsAdapter.csproj", "{D3910B95-99BE-4C85-96DE-10EEF2966FD1}"
EndProject
Project("{9A19103F-16F7-4668-BE54-9A1E7A4F7556}") = "RegiX.KzldAdministratorsAdapter.Mocks", "RegiX.KzldAdministratorsAdapter.Mocks\RegiX.KzldAdministratorsAdapter.Mocks.csproj", "{99A99E84-6796-425A-B1C5-4DB3D23BC6F4}"
EndProject
Project("{9A19103F-16F7-4668-BE54-9A1E7A4F7556}") = "RegiX.KzldAdministratorsAdapter.Tests", "RegiX.KzldAdministratorsAdapter.Tests\RegiX.KzldAdministratorsAdapter.Tests.csproj", "{809F2576-763B-450A-B97E-507157C05775}"
EndProject
Project("{2150E333-8FDC-42A3-9474-1A3956D46DE8}") = "Solution Items", "Solution Items", "{4DC3853F-78FB-4F8F-ACAA-8ACE65C4DA1D}"
	ProjectSection(SolutionItems) = preProject
		azure-devops.yaml = azure-devops.yaml
		readme.md = readme.md
	EndProjectSection
EndProject
Global
	GlobalSection(SolutionConfigurationPlatforms) = preSolution
		Debug|Any CPU = Debug|Any CPU
		Debug|x64 = Debug|x64
		Debug|x86 = Debug|x86
		Release|Any CPU = Release|Any CPU
		Release|x64 = Release|x64
		Release|x86 = Release|x86
	EndGlobalSection
	GlobalSection(ProjectConfigurationPlatforms) = postSolution
		{D3910B95-99BE-4C85-96DE-10EEF2966FD1}.Debug|Any CPU.ActiveCfg = Debug|Any CPU
		{D3910B95-99BE-4C85-96DE-10EEF2966FD1}.Debug|Any CPU.Build.0 = Debug|Any CPU
		{D3910B95-99BE-4C85-96DE-10EEF2966FD1}.Debug|x64.ActiveCfg = Debug|Any CPU
		{D3910B95-99BE-4C85-96DE-10EEF2966FD1}.Debug|x64.Build.0 = Debug|Any CPU
		{D3910B95-99BE-4C85-96DE-10EEF2966FD1}.Debug|x86.ActiveCfg = Debug|Any CPU
		{D3910B95-99BE-4C85-96DE-10EEF2966FD1}.Debug|x86.Build.0 = Debug|Any CPU
		{D3910B95-99BE-4C85-96DE-10EEF2966FD1}.Release|Any CPU.ActiveCfg = Release|Any CPU
		{D3910B95-99BE-4C85-96DE-10EEF2966FD1}.Release|Any CPU.Build.0 = Release|Any CPU
		{D3910B95-99BE-4C85-96DE-10EEF2966FD1}.Release|x64.ActiveCfg = Release|Any CPU
		{D3910B95-99BE-4C85-96DE-10EEF2966FD1}.Release|x64.Build.0 = Release|Any CPU
		{D3910B95-99BE-4C85-96DE-10EEF2966FD1}.Release|x86.ActiveCfg = Release|Any CPU
		{D3910B95-99BE-4C85-96DE-10EEF2966FD1}.Release|x86.Build.0 = Release|Any CPU
		{99A99E84-6796-425A-B1C5-4DB3D23BC6F4}.Debug|Any CPU.ActiveCfg = Debug|Any CPU
		{99A99E84-6796-425A-B1C5-4DB3D23BC6F4}.Debug|Any CPU.Build.0 = Debug|Any CPU
		{99A99E84-6796-425A-B1C5-4DB3D23BC6F4}.Debug|x64.ActiveCfg = Debug|Any CPU
		{99A99E84-6796-425A-B1C5-4DB3D23BC6F4}.Debug|x64.Build.0 = Debug|Any CPU
		{99A99E84-6796-425A-B1C5-4DB3D23BC6F4}.Debug|x86.ActiveCfg = Debug|Any CPU
		{99A99E84-6796-425A-B1C5-4DB3D23BC6F4}.Debug|x86.Build.0 = Debug|Any CPU
		{99A99E84-6796-425A-B1C5-4DB3D23BC6F4}.Release|Any CPU.ActiveCfg = Release|Any CPU
		{99A99E84-6796-425A-B1C5-4DB3D23BC6F4}.Release|Any CPU.Build.0 = Release|Any CPU
		{99A99E84-6796-425A-B1C5-4DB3D23BC6F4}.Release|x64.ActiveCfg = Release|Any CPU
		{99A99E84-6796-425A-B1C5-4DB3D23BC6F4}.Release|x64.Build.0 = Release|Any CPU
		{99A99E84-6796-425A-B1C5-4DB3D23BC6F4}.Release|x86.ActiveCfg = Release|Any CPU
		{99A99E84-6796-425A-B1C5-4DB3D23BC6F4}.Release|x86.Build.0 = Release|Any CPU
		{809F2576-763B-450A-B97E-507157C05775}.Debug|Any CPU.ActiveCfg = Debug|Any CPU
		{809F2576-763B-450A-B97E-507157C05775}.Debug|Any CPU.Build.0 = Debug|Any CPU
		{809F2576-763B-450A-B97E-507157C05775}.Debug|x64.ActiveCfg = Debug|Any CPU
		{809F2576-763B-450A-B97E-507157C05775}.Debug|x64.Build.0 = Debug|Any CPU
		{809F2576-763B-450A-B97E-507157C05775}.Debug|x86.ActiveCfg = Debug|Any CPU
		{809F2576-763B-450A-B97E-507157C05775}.Debug|x86.Build.0 = Debug|Any CPU
		{809F2576-763B-450A-B97E-507157C05775}.Release|Any CPU.ActiveCfg = Release|Any CPU
		{809F2576-763B-450A-B97E-507157C05775}.Release|Any CPU.Build.0 = Release|Any CPU
		{809F2576-763B-450A-B97E-507157C05775}.Release|x64.ActiveCfg = Release|Any CPU
		{809F2576-763B-450A-B97E-507157C05775}.Release|x64.Build.0 = Release|Any CPU
		{809F2576-763B-450A-B97E-507157C05775}.Release|x86.ActiveCfg = Release|Any CPU
		{809F2576-763B-450A-B97E-507157C05775}.Release|x86.Build.0 = Release|Any CPU
	EndGlobalSection
	GlobalSection(SolutionProperties) = preSolution
		HideSolutionNode = FALSE
	EndGlobalSection
	GlobalSection(ExtensibilityGlobals) = postSolution
		SolutionGuid = {14094E57-A089-4036-A9FD-1FF80435497F}
	EndGlobalSection
EndGlobal
