
Microsoft Visual Studio Solution File, Format Version 12.00
# Visual Studio 15
VisualStudioVersion = 15.0.26124.0
MinimumVisualStudioVersion = 15.0.26124.0
Project("{9A19103F-16F7-4668-BE54-9A1E7A4F7556}") = "RegiX.GitExplosivesAdapter", "RegiX.GitExplosivesAdapter\RegiX.GitExplosivesAdapter.csproj", "{55D4C7A9-5624-4FF5-B310-891D9DBCB776}"
EndProject
Project("{9A19103F-16F7-4668-BE54-9A1E7A4F7556}") = "RegiX.GitExplosivesAdapter.Mocks", "RegiX.GitExplosivesAdapter.Mocks\RegiX.GitExplosivesAdapter.Mocks.csproj", "{567ADD68-E7F9-4F11-81EB-0D4FEBC86FAE}"
EndProject
Project("{9A19103F-16F7-4668-BE54-9A1E7A4F7556}") = "RegiX.GitExplosivesAdapter.Tests", "RegiX.GitExplosivesAdapter.Tests\RegiX.GitExplosivesAdapter.Tests.csproj", "{F7B5EABF-C555-408F-8F00-970161CA7264}"
EndProject
Project("{2150E333-8FDC-42A3-9474-1A3956D46DE8}") = "Solution Items", "Solution Items", "{8D6EA861-BC88-4103-9FDD-645C9E7C83D4}"
	ProjectSection(SolutionItems) = preProject
		azure-devops.yaml = azure-devops.yaml
		readme.md = readme.md
	EndProjectSection
EndProject
Global
	GlobalSection(SolutionConfigurationPlatforms) = preSolution
		Debug|Any CPU = Debug|Any CPU
		Debug|x64 = Debug|x64
		Debug|x86 = Debug|x86
		Release|Any CPU = Release|Any CPU
		Release|x64 = Release|x64
		Release|x86 = Release|x86
	EndGlobalSection
	GlobalSection(ProjectConfigurationPlatforms) = postSolution
		{55D4C7A9-5624-4FF5-B310-891D9DBCB776}.Debug|Any CPU.ActiveCfg = Debug|Any CPU
		{55D4C7A9-5624-4FF5-B310-891D9DBCB776}.Debug|Any CPU.Build.0 = Debug|Any CPU
		{55D4C7A9-5624-4FF5-B310-891D9DBCB776}.Debug|x64.ActiveCfg = Debug|Any CPU
		{55D4C7A9-5624-4FF5-B310-891D9DBCB776}.Debug|x64.Build.0 = Debug|Any CPU
		{55D4C7A9-5624-4FF5-B310-891D9DBCB776}.Debug|x86.ActiveCfg = Debug|Any CPU
		{55D4C7A9-5624-4FF5-B310-891D9DBCB776}.Debug|x86.Build.0 = Debug|Any CPU
		{55D4C7A9-5624-4FF5-B310-891D9DBCB776}.Release|Any CPU.ActiveCfg = Release|Any CPU
		{55D4C7A9-5624-4FF5-B310-891D9DBCB776}.Release|Any CPU.Build.0 = Release|Any CPU
		{55D4C7A9-5624-4FF5-B310-891D9DBCB776}.Release|x64.ActiveCfg = Release|Any CPU
		{55D4C7A9-5624-4FF5-B310-891D9DBCB776}.Release|x64.Build.0 = Release|Any CPU
		{55D4C7A9-5624-4FF5-B310-891D9DBCB776}.Release|x86.ActiveCfg = Release|Any CPU
		{55D4C7A9-5624-4FF5-B310-891D9DBCB776}.Release|x86.Build.0 = Release|Any CPU
		{567ADD68-E7F9-4F11-81EB-0D4FEBC86FAE}.Debug|Any CPU.ActiveCfg = Debug|Any CPU
		{567ADD68-E7F9-4F11-81EB-0D4FEBC86FAE}.Debug|Any CPU.Build.0 = Debug|Any CPU
		{567ADD68-E7F9-4F11-81EB-0D4FEBC86FAE}.Debug|x64.ActiveCfg = Debug|Any CPU
		{567ADD68-E7F9-4F11-81EB-0D4FEBC86FAE}.Debug|x64.Build.0 = Debug|Any CPU
		{567ADD68-E7F9-4F11-81EB-0D4FEBC86FAE}.Debug|x86.ActiveCfg = Debug|Any CPU
		{567ADD68-E7F9-4F11-81EB-0D4FEBC86FAE}.Debug|x86.Build.0 = Debug|Any CPU
		{567ADD68-E7F9-4F11-81EB-0D4FEBC86FAE}.Release|Any CPU.ActiveCfg = Release|Any CPU
		{567ADD68-E7F9-4F11-81EB-0D4FEBC86FAE}.Release|Any CPU.Build.0 = Release|Any CPU
		{567ADD68-E7F9-4F11-81EB-0D4FEBC86FAE}.Release|x64.ActiveCfg = Release|Any CPU
		{567ADD68-E7F9-4F11-81EB-0D4FEBC86FAE}.Release|x64.Build.0 = Release|Any CPU
		{567ADD68-E7F9-4F11-81EB-0D4FEBC86FAE}.Release|x86.ActiveCfg = Release|Any CPU
		{567ADD68-E7F9-4F11-81EB-0D4FEBC86FAE}.Release|x86.Build.0 = Release|Any CPU
		{F7B5EABF-C555-408F-8F00-970161CA7264}.Debug|Any CPU.ActiveCfg = Debug|Any CPU
		{F7B5EABF-C555-408F-8F00-970161CA7264}.Debug|Any CPU.Build.0 = Debug|Any CPU
		{F7B5EABF-C555-408F-8F00-970161CA7264}.Debug|x64.ActiveCfg = Debug|Any CPU
		{F7B5EABF-C555-408F-8F00-970161CA7264}.Debug|x64.Build.0 = Debug|Any CPU
		{F7B5EABF-C555-408F-8F00-970161CA7264}.Debug|x86.ActiveCfg = Debug|Any CPU
		{F7B5EABF-C555-408F-8F00-970161CA7264}.Debug|x86.Build.0 = Debug|Any CPU
		{F7B5EABF-C555-408F-8F00-970161CA7264}.Release|Any CPU.ActiveCfg = Release|Any CPU
		{F7B5EABF-C555-408F-8F00-970161CA7264}.Release|Any CPU.Build.0 = Release|Any CPU
		{F7B5EABF-C555-408F-8F00-970161CA7264}.Release|x64.ActiveCfg = Release|Any CPU
		{F7B5EABF-C555-408F-8F00-970161CA7264}.Release|x64.Build.0 = Release|Any CPU
		{F7B5EABF-C555-408F-8F00-970161CA7264}.Release|x86.ActiveCfg = Release|Any CPU
		{F7B5EABF-C555-408F-8F00-970161CA7264}.Release|x86.Build.0 = Release|Any CPU
	EndGlobalSection
	GlobalSection(SolutionProperties) = preSolution
		HideSolutionNode = FALSE
	EndGlobalSection
	GlobalSection(ExtensibilityGlobals) = postSolution
		SolutionGuid = {D6AC5526-576C-45E8-9270-1962BB5FC127}
	EndGlobalSection
EndGlobal
