
Microsoft Visual Studio Solution File, Format Version 12.00
# Visual Studio 15
VisualStudioVersion = 15.0.26124.0
MinimumVisualStudioVersion = 15.0.26124.0
Project("{9A19103F-16F7-4668-BE54-9A1E7A4F7556}") = "RegiX.NelkEismeAdapter", "RegiX.NelkEismeAdapter\RegiX.NelkEismeAdapter.csproj", "{4D1CA551-FFD2-484F-897C-3B765EA2D887}"
EndProject
Project("{9A19103F-16F7-4668-BE54-9A1E7A4F7556}") = "RegiX.NelkEismeAdapter.Mocks", "RegiX.NelkEismeAdapter.Mocks\RegiX.NelkEismeAdapter.Mocks.csproj", "{EBCDE38A-ED08-4270-95D5-686FDB9C00D7}"
EndProject
Project("{9A19103F-16F7-4668-BE54-9A1E7A4F7556}") = "RegiX.NelkEismeAdapter.Tests", "RegiX.NelkEismeAdapter.Tests\RegiX.NelkEismeAdapter.Tests.csproj", "{091B2B22-86E7-43B4-A3D9-CCA5E0A38A0F}"
EndProject
Project("{2150E333-8FDC-42A3-9474-1A3956D46DE8}") = "Solution Items", "Solution Items", "{6D6032F8-1BCE-4BF1-812C-46098DD3CA2C}"
	ProjectSection(SolutionItems) = preProject
		azure-devops.yaml = azure-devops.yaml
		readme.md = readme.md
	EndProjectSection
EndProject
Global
	GlobalSection(SolutionConfigurationPlatforms) = preSolution
		Debug|Any CPU = Debug|Any CPU
		Debug|x64 = Debug|x64
		Debug|x86 = Debug|x86
		Release|Any CPU = Release|Any CPU
		Release|x64 = Release|x64
		Release|x86 = Release|x86
	EndGlobalSection
	GlobalSection(ProjectConfigurationPlatforms) = postSolution
		{4D1CA551-FFD2-484F-897C-3B765EA2D887}.Debug|Any CPU.ActiveCfg = Debug|Any CPU
		{4D1CA551-FFD2-484F-897C-3B765EA2D887}.Debug|Any CPU.Build.0 = Debug|Any CPU
		{4D1CA551-FFD2-484F-897C-3B765EA2D887}.Debug|x64.ActiveCfg = Debug|Any CPU
		{4D1CA551-FFD2-484F-897C-3B765EA2D887}.Debug|x64.Build.0 = Debug|Any CPU
		{4D1CA551-FFD2-484F-897C-3B765EA2D887}.Debug|x86.ActiveCfg = Debug|Any CPU
		{4D1CA551-FFD2-484F-897C-3B765EA2D887}.Debug|x86.Build.0 = Debug|Any CPU
		{4D1CA551-FFD2-484F-897C-3B765EA2D887}.Release|Any CPU.ActiveCfg = Release|Any CPU
		{4D1CA551-FFD2-484F-897C-3B765EA2D887}.Release|Any CPU.Build.0 = Release|Any CPU
		{4D1CA551-FFD2-484F-897C-3B765EA2D887}.Release|x64.ActiveCfg = Release|Any CPU
		{4D1CA551-FFD2-484F-897C-3B765EA2D887}.Release|x64.Build.0 = Release|Any CPU
		{4D1CA551-FFD2-484F-897C-3B765EA2D887}.Release|x86.ActiveCfg = Release|Any CPU
		{4D1CA551-FFD2-484F-897C-3B765EA2D887}.Release|x86.Build.0 = Release|Any CPU
		{EBCDE38A-ED08-4270-95D5-686FDB9C00D7}.Debug|Any CPU.ActiveCfg = Debug|Any CPU
		{EBCDE38A-ED08-4270-95D5-686FDB9C00D7}.Debug|Any CPU.Build.0 = Debug|Any CPU
		{EBCDE38A-ED08-4270-95D5-686FDB9C00D7}.Debug|x64.ActiveCfg = Debug|Any CPU
		{EBCDE38A-ED08-4270-95D5-686FDB9C00D7}.Debug|x64.Build.0 = Debug|Any CPU
		{EBCDE38A-ED08-4270-95D5-686FDB9C00D7}.Debug|x86.ActiveCfg = Debug|Any CPU
		{EBCDE38A-ED08-4270-95D5-686FDB9C00D7}.Debug|x86.Build.0 = Debug|Any CPU
		{EBCDE38A-ED08-4270-95D5-686FDB9C00D7}.Release|Any CPU.ActiveCfg = Release|Any CPU
		{EBCDE38A-ED08-4270-95D5-686FDB9C00D7}.Release|Any CPU.Build.0 = Release|Any CPU
		{EBCDE38A-ED08-4270-95D5-686FDB9C00D7}.Release|x64.ActiveCfg = Release|Any CPU
		{EBCDE38A-ED08-4270-95D5-686FDB9C00D7}.Release|x64.Build.0 = Release|Any CPU
		{EBCDE38A-ED08-4270-95D5-686FDB9C00D7}.Release|x86.ActiveCfg = Release|Any CPU
		{EBCDE38A-ED08-4270-95D5-686FDB9C00D7}.Release|x86.Build.0 = Release|Any CPU
		{091B2B22-86E7-43B4-A3D9-CCA5E0A38A0F}.Debug|Any CPU.ActiveCfg = Debug|Any CPU
		{091B2B22-86E7-43B4-A3D9-CCA5E0A38A0F}.Debug|Any CPU.Build.0 = Debug|Any CPU
		{091B2B22-86E7-43B4-A3D9-CCA5E0A38A0F}.Debug|x64.ActiveCfg = Debug|Any CPU
		{091B2B22-86E7-43B4-A3D9-CCA5E0A38A0F}.Debug|x64.Build.0 = Debug|Any CPU
		{091B2B22-86E7-43B4-A3D9-CCA5E0A38A0F}.Debug|x86.ActiveCfg = Debug|Any CPU
		{091B2B22-86E7-43B4-A3D9-CCA5E0A38A0F}.Debug|x86.Build.0 = Debug|Any CPU
		{091B2B22-86E7-43B4-A3D9-CCA5E0A38A0F}.Release|Any CPU.ActiveCfg = Release|Any CPU
		{091B2B22-86E7-43B4-A3D9-CCA5E0A38A0F}.Release|Any CPU.Build.0 = Release|Any CPU
		{091B2B22-86E7-43B4-A3D9-CCA5E0A38A0F}.Release|x64.ActiveCfg = Release|Any CPU
		{091B2B22-86E7-43B4-A3D9-CCA5E0A38A0F}.Release|x64.Build.0 = Release|Any CPU
		{091B2B22-86E7-43B4-A3D9-CCA5E0A38A0F}.Release|x86.ActiveCfg = Release|Any CPU
		{091B2B22-86E7-43B4-A3D9-CCA5E0A38A0F}.Release|x86.Build.0 = Release|Any CPU
	EndGlobalSection
	GlobalSection(SolutionProperties) = preSolution
		HideSolutionNode = FALSE
	EndGlobalSection
	GlobalSection(ExtensibilityGlobals) = postSolution
		SolutionGuid = {7BDA916C-2D7C-4002-8A94-4B623DCA87E4}
	EndGlobalSection
EndGlobal
