
Microsoft Visual Studio Solution File, Format Version 12.00
# Visual Studio 15
VisualStudioVersion = 15.0.26124.0
MinimumVisualStudioVersion = 15.0.26124.0
Project("{9A19103F-16F7-4668-BE54-9A1E7A4F7556}") = "RegiX.GitActualDeclarationAdapter", "RegiX.GitActualDeclarationAdapter\RegiX.GitActualDeclarationAdapter.csproj", "{5EA570C3-093B-4892-809A-1D6B29BB1164}"
EndProject
Project("{9A19103F-16F7-4668-BE54-9A1E7A4F7556}") = "RegiX.GitActualDeclarationAdapter.Mocks", "RegiX.GitActualDeclarationAdapter.Mocks\RegiX.GitActualDeclarationAdapter.Mocks.csproj", "{4A56B19A-97FA-4674-AC96-E4C3C81359AB}"
EndProject
Project("{9A19103F-16F7-4668-BE54-9A1E7A4F7556}") = "RegiX.GitActualDeclarationAdapter.Tests", "RegiX.GitActualDeclarationAdapter.Tests\RegiX.GitActualDeclarationAdapter.Tests.csproj", "{282A6EB3-312D-4989-9A31-F253DE9123B9}"
EndProject
Project("{2150E333-8FDC-42A3-9474-1A3956D46DE8}") = "Solution Items", "Solution Items", "{8CA89899-1779-4819-ADC8-19A45FA16350}"
	ProjectSection(SolutionItems) = preProject
		azure-devops.yaml = azure-devops.yaml
		readme.md = readme.md
	EndProjectSection
EndProject
Global
	GlobalSection(SolutionConfigurationPlatforms) = preSolution
		Debug|Any CPU = Debug|Any CPU
		Debug|x64 = Debug|x64
		Debug|x86 = Debug|x86
		Release|Any CPU = Release|Any CPU
		Release|x64 = Release|x64
		Release|x86 = Release|x86
	EndGlobalSection
	GlobalSection(ProjectConfigurationPlatforms) = postSolution
		{5EA570C3-093B-4892-809A-1D6B29BB1164}.Debug|Any CPU.ActiveCfg = Debug|Any CPU
		{5EA570C3-093B-4892-809A-1D6B29BB1164}.Debug|Any CPU.Build.0 = Debug|Any CPU
		{5EA570C3-093B-4892-809A-1D6B29BB1164}.Debug|x64.ActiveCfg = Debug|Any CPU
		{5EA570C3-093B-4892-809A-1D6B29BB1164}.Debug|x64.Build.0 = Debug|Any CPU
		{5EA570C3-093B-4892-809A-1D6B29BB1164}.Debug|x86.ActiveCfg = Debug|Any CPU
		{5EA570C3-093B-4892-809A-1D6B29BB1164}.Debug|x86.Build.0 = Debug|Any CPU
		{5EA570C3-093B-4892-809A-1D6B29BB1164}.Release|Any CPU.ActiveCfg = Release|Any CPU
		{5EA570C3-093B-4892-809A-1D6B29BB1164}.Release|Any CPU.Build.0 = Release|Any CPU
		{5EA570C3-093B-4892-809A-1D6B29BB1164}.Release|x64.ActiveCfg = Release|Any CPU
		{5EA570C3-093B-4892-809A-1D6B29BB1164}.Release|x64.Build.0 = Release|Any CPU
		{5EA570C3-093B-4892-809A-1D6B29BB1164}.Release|x86.ActiveCfg = Release|Any CPU
		{5EA570C3-093B-4892-809A-1D6B29BB1164}.Release|x86.Build.0 = Release|Any CPU
		{4A56B19A-97FA-4674-AC96-E4C3C81359AB}.Debug|Any CPU.ActiveCfg = Debug|Any CPU
		{4A56B19A-97FA-4674-AC96-E4C3C81359AB}.Debug|Any CPU.Build.0 = Debug|Any CPU
		{4A56B19A-97FA-4674-AC96-E4C3C81359AB}.Debug|x64.ActiveCfg = Debug|Any CPU
		{4A56B19A-97FA-4674-AC96-E4C3C81359AB}.Debug|x64.Build.0 = Debug|Any CPU
		{4A56B19A-97FA-4674-AC96-E4C3C81359AB}.Debug|x86.ActiveCfg = Debug|Any CPU
		{4A56B19A-97FA-4674-AC96-E4C3C81359AB}.Debug|x86.Build.0 = Debug|Any CPU
		{4A56B19A-97FA-4674-AC96-E4C3C81359AB}.Release|Any CPU.ActiveCfg = Release|Any CPU
		{4A56B19A-97FA-4674-AC96-E4C3C81359AB}.Release|Any CPU.Build.0 = Release|Any CPU
		{4A56B19A-97FA-4674-AC96-E4C3C81359AB}.Release|x64.ActiveCfg = Release|Any CPU
		{4A56B19A-97FA-4674-AC96-E4C3C81359AB}.Release|x64.Build.0 = Release|Any CPU
		{4A56B19A-97FA-4674-AC96-E4C3C81359AB}.Release|x86.ActiveCfg = Release|Any CPU
		{4A56B19A-97FA-4674-AC96-E4C3C81359AB}.Release|x86.Build.0 = Release|Any CPU
		{282A6EB3-312D-4989-9A31-F253DE9123B9}.Debug|Any CPU.ActiveCfg = Debug|Any CPU
		{282A6EB3-312D-4989-9A31-F253DE9123B9}.Debug|Any CPU.Build.0 = Debug|Any CPU
		{282A6EB3-312D-4989-9A31-F253DE9123B9}.Debug|x64.ActiveCfg = Debug|Any CPU
		{282A6EB3-312D-4989-9A31-F253DE9123B9}.Debug|x64.Build.0 = Debug|Any CPU
		{282A6EB3-312D-4989-9A31-F253DE9123B9}.Debug|x86.ActiveCfg = Debug|Any CPU
		{282A6EB3-312D-4989-9A31-F253DE9123B9}.Debug|x86.Build.0 = Debug|Any CPU
		{282A6EB3-312D-4989-9A31-F253DE9123B9}.Release|Any CPU.ActiveCfg = Release|Any CPU
		{282A6EB3-312D-4989-9A31-F253DE9123B9}.Release|Any CPU.Build.0 = Release|Any CPU
		{282A6EB3-312D-4989-9A31-F253DE9123B9}.Release|x64.ActiveCfg = Release|Any CPU
		{282A6EB3-312D-4989-9A31-F253DE9123B9}.Release|x64.Build.0 = Release|Any CPU
		{282A6EB3-312D-4989-9A31-F253DE9123B9}.Release|x86.ActiveCfg = Release|Any CPU
		{282A6EB3-312D-4989-9A31-F253DE9123B9}.Release|x86.Build.0 = Release|Any CPU
	EndGlobalSection
	GlobalSection(SolutionProperties) = preSolution
		HideSolutionNode = FALSE
	EndGlobalSection
	GlobalSection(ExtensibilityGlobals) = postSolution
		SolutionGuid = {8EECA83F-41E4-4646-8816-28A577E2F445}
	EndGlobalSection
EndGlobal
