
Microsoft Visual Studio Solution File, Format Version 12.00
# Visual Studio 15
VisualStudioVersion = 15.0.26124.0
MinimumVisualStudioVersion = 15.0.26124.0
Project("{9A19103F-16F7-4668-BE54-9A1E7A4F7556}") = "RegiX.NKPDAdapter", "RegiX.NKPDAdapter\RegiX.NKPDAdapter.csproj", "{F1624F9C-8F64-429B-BFF7-DA7E3DC16ADA}"
EndProject
Project("{9A19103F-16F7-4668-BE54-9A1E7A4F7556}") = "RegiX.NKPDAdapter.Mocks", "RegiX.NKPDAdapter.Mocks\RegiX.NKPDAdapter.Mocks.csproj", "{6343A6F4-7B56-4B75-88B8-52323AE0153A}"
EndProject
Project("{9A19103F-16F7-4668-BE54-9A1E7A4F7556}") = "RegiX.NKPDAdapter.Tests", "RegiX.NKPDAdapter.Tests\RegiX.NKPDAdapter.Tests.csproj", "{AFAD1AF0-EC9E-44AC-903B-9395A897FF41}"
EndProject
Project("{2150E333-8FDC-42A3-9474-1A3956D46DE8}") = "Solution Items", "Solution Items", "{E158DDA5-038C-47C7-BA81-D17B7E07FA9B}"
	ProjectSection(SolutionItems) = preProject
		azure-devops.yaml = azure-devops.yaml
		readme.md = readme.md
	EndProjectSection
EndProject
Global
	GlobalSection(SolutionConfigurationPlatforms) = preSolution
		Debug|Any CPU = Debug|Any CPU
		Debug|x64 = Debug|x64
		Debug|x86 = Debug|x86
		Release|Any CPU = Release|Any CPU
		Release|x64 = Release|x64
		Release|x86 = Release|x86
	EndGlobalSection
	GlobalSection(ProjectConfigurationPlatforms) = postSolution
		{F1624F9C-8F64-429B-BFF7-DA7E3DC16ADA}.Debug|Any CPU.ActiveCfg = Debug|Any CPU
		{F1624F9C-8F64-429B-BFF7-DA7E3DC16ADA}.Debug|Any CPU.Build.0 = Debug|Any CPU
		{F1624F9C-8F64-429B-BFF7-DA7E3DC16ADA}.Debug|x64.ActiveCfg = Debug|Any CPU
		{F1624F9C-8F64-429B-BFF7-DA7E3DC16ADA}.Debug|x64.Build.0 = Debug|Any CPU
		{F1624F9C-8F64-429B-BFF7-DA7E3DC16ADA}.Debug|x86.ActiveCfg = Debug|Any CPU
		{F1624F9C-8F64-429B-BFF7-DA7E3DC16ADA}.Debug|x86.Build.0 = Debug|Any CPU
		{F1624F9C-8F64-429B-BFF7-DA7E3DC16ADA}.Release|Any CPU.ActiveCfg = Release|Any CPU
		{F1624F9C-8F64-429B-BFF7-DA7E3DC16ADA}.Release|Any CPU.Build.0 = Release|Any CPU
		{F1624F9C-8F64-429B-BFF7-DA7E3DC16ADA}.Release|x64.ActiveCfg = Release|Any CPU
		{F1624F9C-8F64-429B-BFF7-DA7E3DC16ADA}.Release|x64.Build.0 = Release|Any CPU
		{F1624F9C-8F64-429B-BFF7-DA7E3DC16ADA}.Release|x86.ActiveCfg = Release|Any CPU
		{F1624F9C-8F64-429B-BFF7-DA7E3DC16ADA}.Release|x86.Build.0 = Release|Any CPU
		{6343A6F4-7B56-4B75-88B8-52323AE0153A}.Debug|Any CPU.ActiveCfg = Debug|Any CPU
		{6343A6F4-7B56-4B75-88B8-52323AE0153A}.Debug|Any CPU.Build.0 = Debug|Any CPU
		{6343A6F4-7B56-4B75-88B8-52323AE0153A}.Debug|x64.ActiveCfg = Debug|Any CPU
		{6343A6F4-7B56-4B75-88B8-52323AE0153A}.Debug|x64.Build.0 = Debug|Any CPU
		{6343A6F4-7B56-4B75-88B8-52323AE0153A}.Debug|x86.ActiveCfg = Debug|Any CPU
		{6343A6F4-7B56-4B75-88B8-52323AE0153A}.Debug|x86.Build.0 = Debug|Any CPU
		{6343A6F4-7B56-4B75-88B8-52323AE0153A}.Release|Any CPU.ActiveCfg = Release|Any CPU
		{6343A6F4-7B56-4B75-88B8-52323AE0153A}.Release|Any CPU.Build.0 = Release|Any CPU
		{6343A6F4-7B56-4B75-88B8-52323AE0153A}.Release|x64.ActiveCfg = Release|Any CPU
		{6343A6F4-7B56-4B75-88B8-52323AE0153A}.Release|x64.Build.0 = Release|Any CPU
		{6343A6F4-7B56-4B75-88B8-52323AE0153A}.Release|x86.ActiveCfg = Release|Any CPU
		{6343A6F4-7B56-4B75-88B8-52323AE0153A}.Release|x86.Build.0 = Release|Any CPU
		{AFAD1AF0-EC9E-44AC-903B-9395A897FF41}.Debug|Any CPU.ActiveCfg = Debug|Any CPU
		{AFAD1AF0-EC9E-44AC-903B-9395A897FF41}.Debug|Any CPU.Build.0 = Debug|Any CPU
		{AFAD1AF0-EC9E-44AC-903B-9395A897FF41}.Debug|x64.ActiveCfg = Debug|Any CPU
		{AFAD1AF0-EC9E-44AC-903B-9395A897FF41}.Debug|x64.Build.0 = Debug|Any CPU
		{AFAD1AF0-EC9E-44AC-903B-9395A897FF41}.Debug|x86.ActiveCfg = Debug|Any CPU
		{AFAD1AF0-EC9E-44AC-903B-9395A897FF41}.Debug|x86.Build.0 = Debug|Any CPU
		{AFAD1AF0-EC9E-44AC-903B-9395A897FF41}.Release|Any CPU.ActiveCfg = Release|Any CPU
		{AFAD1AF0-EC9E-44AC-903B-9395A897FF41}.Release|Any CPU.Build.0 = Release|Any CPU
		{AFAD1AF0-EC9E-44AC-903B-9395A897FF41}.Release|x64.ActiveCfg = Release|Any CPU
		{AFAD1AF0-EC9E-44AC-903B-9395A897FF41}.Release|x64.Build.0 = Release|Any CPU
		{AFAD1AF0-EC9E-44AC-903B-9395A897FF41}.Release|x86.ActiveCfg = Release|Any CPU
		{AFAD1AF0-EC9E-44AC-903B-9395A897FF41}.Release|x86.Build.0 = Release|Any CPU
	EndGlobalSection
	GlobalSection(SolutionProperties) = preSolution
		HideSolutionNode = FALSE
	EndGlobalSection
	GlobalSection(ExtensibilityGlobals) = postSolution
		SolutionGuid = {DD23B21B-4464-4A12-B789-603485133000}
	EndGlobalSection
EndGlobal
