
Microsoft Visual Studio Solution File, Format Version 12.00
# Visual Studio 15
VisualStudioVersion = 15.0.28307.329
MinimumVisualStudioVersion = 10.0.40219.1
Project("{9A19103F-16F7-4668-BE54-9A1E7A4F7556}") = "RegiX.Adapters.Common", "RegiX.Adapters.Common\RegiX.Adapters.Common.csproj", "{4F6E0F2E-E27F-44B4-B18C-F82910D633AC}"
EndProject
Project("{9A19103F-16F7-4668-BE54-9A1E7A4F7556}") = "RegiX.Adapters.Common.Tests", "RegiX.Adapters.Common.Tests\RegiX.Adapters.Common.Tests.csproj", "{5733EF82-EE92-4FEA-80C2-E26CF24B093D}"
EndProject
Project("{2150E333-8FDC-42A3-9474-1A3956D46DE8}") = "Solution Items", "Solution Items", "{CCF21A03-B4F4-4262-857D-9DF47C653E75}"
	ProjectSection(SolutionItems) = preProject
		azure-devops.yaml = azure-devops.yaml
	EndProjectSection
EndProject
Global
	GlobalSection(SolutionConfigurationPlatforms) = preSolution
		Debug|Any CPU = Debug|Any CPU
		Release|Any CPU = Release|Any CPU
	EndGlobalSection
	GlobalSection(ProjectConfigurationPlatforms) = postSolution
		{4F6E0F2E-E27F-44B4-B18C-F82910D633AC}.Debug|Any CPU.ActiveCfg = Debug|Any CPU
		{4F6E0F2E-E27F-44B4-B18C-F82910D633AC}.Debug|Any CPU.Build.0 = Debug|Any CPU
		{4F6E0F2E-E27F-44B4-B18C-F82910D633AC}.Release|Any CPU.ActiveCfg = Release|Any CPU
		{4F6E0F2E-E27F-44B4-B18C-F82910D633AC}.Release|Any CPU.Build.0 = Release|Any CPU
		{5733EF82-EE92-4FEA-80C2-E26CF24B093D}.Debug|Any CPU.ActiveCfg = Debug|Any CPU
		{5733EF82-EE92-4FEA-80C2-E26CF24B093D}.Debug|Any CPU.Build.0 = Debug|Any CPU
		{5733EF82-EE92-4FEA-80C2-E26CF24B093D}.Release|Any CPU.ActiveCfg = Release|Any CPU
		{5733EF82-EE92-4FEA-80C2-E26CF24B093D}.Release|Any CPU.Build.0 = Release|Any CPU
	EndGlobalSection
	GlobalSection(SolutionProperties) = preSolution
		HideSolutionNode = FALSE
	EndGlobalSection
	GlobalSection(ExtensibilityGlobals) = postSolution
		SolutionGuid = {2C864860-E5AC-4498-8808-EC0752DB7B80}
	EndGlobalSection
EndGlobal
