
Microsoft Visual Studio Solution File, Format Version 12.00
# Visual Studio Version 16
VisualStudioVersion = 16.0.29609.76
MinimumVisualStudioVersion = 10.0.40219.1
Project("{9A19103F-16F7-4668-BE54-9A1E7A4F7556}") = "RegiX.Adapters.LogstashLogger", "RegiX.Adapters.LogstashLogger\RegiX.Adapters.LogstashLogger.csproj", "{680E9A2B-580D-41BF-BF59-5F7BA92233AE}"
EndProject
Project("{2150E333-8FDC-42A3-9474-1A3956D46DE8}") = "Solution Items", "Solution Items", "{8A487A20-A16E-43DC-B343-1A364BDCA08A}"
	ProjectSection(SolutionItems) = preProject
		azure-devops.yaml = azure-devops.yaml
		README.md = README.md
	EndProjectSection
EndProject
Project("{FAE04EC0-301F-11D3-BF4B-00C04F79EFBC}") = "RegiX.Adapters.LogstashLogger.Tests", "RegiX.Adapters.LogstashLogger.Tests\RegiX.Adapters.LogstashLogger.Tests.csproj", "{707BCF9B-C8C8-4732-AC1E-613D8120E8BE}"
EndProject
Global
	GlobalSection(SolutionConfigurationPlatforms) = preSolution
		Debug|Any CPU = Debug|Any CPU
		Release|Any CPU = Release|Any CPU
	EndGlobalSection
	GlobalSection(ProjectConfigurationPlatforms) = postSolution
		{680E9A2B-580D-41BF-BF59-5F7BA92233AE}.Debug|Any CPU.ActiveCfg = Debug|Any CPU
		{680E9A2B-580D-41BF-BF59-5F7BA92233AE}.Debug|Any CPU.Build.0 = Debug|Any CPU
		{680E9A2B-580D-41BF-BF59-5F7BA92233AE}.Release|Any CPU.ActiveCfg = Release|Any CPU
		{680E9A2B-580D-41BF-BF59-5F7BA92233AE}.Release|Any CPU.Build.0 = Release|Any CPU
		{707BCF9B-C8C8-4732-AC1E-613D8120E8BE}.Debug|Any CPU.ActiveCfg = Debug|Any CPU
		{707BCF9B-C8C8-4732-AC1E-613D8120E8BE}.Debug|Any CPU.Build.0 = Debug|Any CPU
		{707BCF9B-C8C8-4732-AC1E-613D8120E8BE}.Release|Any CPU.ActiveCfg = Release|Any CPU
		{707BCF9B-C8C8-4732-AC1E-613D8120E8BE}.Release|Any CPU.Build.0 = Release|Any CPU
	EndGlobalSection
	GlobalSection(SolutionProperties) = preSolution
		HideSolutionNode = FALSE
	EndGlobalSection
	GlobalSection(ExtensibilityGlobals) = postSolution
		SolutionGuid = {795834C8-FEF8-4E80-BC00-F7384942582E}
	EndGlobalSection
EndGlobal
