
Microsoft Visual Studio Solution File, Format Version 12.00
# Visual Studio 15
VisualStudioVersion = 15.0.26124.0
MinimumVisualStudioVersion = 15.0.26124.0
Project("{9A19103F-16F7-4668-BE54-9A1E7A4F7556}") = "RegiX.MPCriminalRecordsAdapter", "RegiX.MPCriminalRecordsAdapter\RegiX.MPCriminalRecordsAdapter.csproj", "{5896D02B-8C78-411A-A4B9-A03DFE650BE4}"
EndProject
Project("{9A19103F-16F7-4668-BE54-9A1E7A4F7556}") = "RegiX.MPCriminalRecordsAdapter.Mocks", "RegiX.MPCriminalRecordsAdapter.Mocks\RegiX.MPCriminalRecordsAdapter.Mocks.csproj", "{A7896BC5-B6EF-44C6-86DC-0B0A566C3171}"
EndProject
Project("{9A19103F-16F7-4668-BE54-9A1E7A4F7556}") = "RegiX.MPCriminalRecordsAdapter.Tests", "RegiX.MPCriminalRecordsAdapter.Tests\RegiX.MPCriminalRecordsAdapter.Tests.csproj", "{0F59D61E-FD9C-4C98-89B3-0467A125E743}"
EndProject
Project("{2150E333-8FDC-42A3-9474-1A3956D46DE8}") = "Solution Items", "Solution Items", "{19C0D2F5-497E-41DB-82CD-0560BB486FC8}"
	ProjectSection(SolutionItems) = preProject
		azure-devops.yaml = azure-devops.yaml
		readme.md = readme.md
	EndProjectSection
EndProject
Global
	GlobalSection(SolutionConfigurationPlatforms) = preSolution
		Debug|Any CPU = Debug|Any CPU
		Debug|x64 = Debug|x64
		Debug|x86 = Debug|x86
		Release|Any CPU = Release|Any CPU
		Release|x64 = Release|x64
		Release|x86 = Release|x86
	EndGlobalSection
	GlobalSection(ProjectConfigurationPlatforms) = postSolution
		{5896D02B-8C78-411A-A4B9-A03DFE650BE4}.Debug|Any CPU.ActiveCfg = Debug|Any CPU
		{5896D02B-8C78-411A-A4B9-A03DFE650BE4}.Debug|Any CPU.Build.0 = Debug|Any CPU
		{5896D02B-8C78-411A-A4B9-A03DFE650BE4}.Debug|x64.ActiveCfg = Debug|Any CPU
		{5896D02B-8C78-411A-A4B9-A03DFE650BE4}.Debug|x64.Build.0 = Debug|Any CPU
		{5896D02B-8C78-411A-A4B9-A03DFE650BE4}.Debug|x86.ActiveCfg = Debug|Any CPU
		{5896D02B-8C78-411A-A4B9-A03DFE650BE4}.Debug|x86.Build.0 = Debug|Any CPU
		{5896D02B-8C78-411A-A4B9-A03DFE650BE4}.Release|Any CPU.ActiveCfg = Release|Any CPU
		{5896D02B-8C78-411A-A4B9-A03DFE650BE4}.Release|Any CPU.Build.0 = Release|Any CPU
		{5896D02B-8C78-411A-A4B9-A03DFE650BE4}.Release|x64.ActiveCfg = Release|Any CPU
		{5896D02B-8C78-411A-A4B9-A03DFE650BE4}.Release|x64.Build.0 = Release|Any CPU
		{5896D02B-8C78-411A-A4B9-A03DFE650BE4}.Release|x86.ActiveCfg = Release|Any CPU
		{5896D02B-8C78-411A-A4B9-A03DFE650BE4}.Release|x86.Build.0 = Release|Any CPU
		{A7896BC5-B6EF-44C6-86DC-0B0A566C3171}.Debug|Any CPU.ActiveCfg = Debug|Any CPU
		{A7896BC5-B6EF-44C6-86DC-0B0A566C3171}.Debug|Any CPU.Build.0 = Debug|Any CPU
		{A7896BC5-B6EF-44C6-86DC-0B0A566C3171}.Debug|x64.ActiveCfg = Debug|Any CPU
		{A7896BC5-B6EF-44C6-86DC-0B0A566C3171}.Debug|x64.Build.0 = Debug|Any CPU
		{A7896BC5-B6EF-44C6-86DC-0B0A566C3171}.Debug|x86.ActiveCfg = Debug|Any CPU
		{A7896BC5-B6EF-44C6-86DC-0B0A566C3171}.Debug|x86.Build.0 = Debug|Any CPU
		{A7896BC5-B6EF-44C6-86DC-0B0A566C3171}.Release|Any CPU.ActiveCfg = Release|Any CPU
		{A7896BC5-B6EF-44C6-86DC-0B0A566C3171}.Release|Any CPU.Build.0 = Release|Any CPU
		{A7896BC5-B6EF-44C6-86DC-0B0A566C3171}.Release|x64.ActiveCfg = Release|Any CPU
		{A7896BC5-B6EF-44C6-86DC-0B0A566C3171}.Release|x64.Build.0 = Release|Any CPU
		{A7896BC5-B6EF-44C6-86DC-0B0A566C3171}.Release|x86.ActiveCfg = Release|Any CPU
		{A7896BC5-B6EF-44C6-86DC-0B0A566C3171}.Release|x86.Build.0 = Release|Any CPU
		{0F59D61E-FD9C-4C98-89B3-0467A125E743}.Debug|Any CPU.ActiveCfg = Debug|Any CPU
		{0F59D61E-FD9C-4C98-89B3-0467A125E743}.Debug|Any CPU.Build.0 = Debug|Any CPU
		{0F59D61E-FD9C-4C98-89B3-0467A125E743}.Debug|x64.ActiveCfg = Debug|Any CPU
		{0F59D61E-FD9C-4C98-89B3-0467A125E743}.Debug|x64.Build.0 = Debug|Any CPU
		{0F59D61E-FD9C-4C98-89B3-0467A125E743}.Debug|x86.ActiveCfg = Debug|Any CPU
		{0F59D61E-FD9C-4C98-89B3-0467A125E743}.Debug|x86.Build.0 = Debug|Any CPU
		{0F59D61E-FD9C-4C98-89B3-0467A125E743}.Release|Any CPU.ActiveCfg = Release|Any CPU
		{0F59D61E-FD9C-4C98-89B3-0467A125E743}.Release|Any CPU.Build.0 = Release|Any CPU
		{0F59D61E-FD9C-4C98-89B3-0467A125E743}.Release|x64.ActiveCfg = Release|Any CPU
		{0F59D61E-FD9C-4C98-89B3-0467A125E743}.Release|x64.Build.0 = Release|Any CPU
		{0F59D61E-FD9C-4C98-89B3-0467A125E743}.Release|x86.ActiveCfg = Release|Any CPU
		{0F59D61E-FD9C-4C98-89B3-0467A125E743}.Release|x86.Build.0 = Release|Any CPU
	EndGlobalSection
	GlobalSection(SolutionProperties) = preSolution
		HideSolutionNode = FALSE
	EndGlobalSection
	GlobalSection(ExtensibilityGlobals) = postSolution
		SolutionGuid = {9C8EAEC1-2F15-4FB4-8BD2-D4896D36F3FA}
	EndGlobalSection
EndGlobal
