
Microsoft Visual Studio Solution File, Format Version 12.00
# Visual Studio Version 16
VisualStudioVersion = 16.0.29609.76
MinimumVisualStudioVersion = 10.0.40219.1
Project("{9A19103F-16F7-4668-BE54-9A1E7A4F7556}") = "RegiX.Common", "RegiX.Common\RegiX.Common.csproj", "{0B1D79B0-51DC-4D76-A146-5D7B3F89472F}"
EndProject
Project("{9A19103F-16F7-4668-BE54-9A1E7A4F7556}") = "RegiX.Common.Tests", "RegiX.Common.Tests\RegiX.Common.Tests.csproj", "{D316E9E3-A55B-4E0B-9193-7FCD251A7C79}"
EndProject
Project("{2150E333-8FDC-42A3-9474-1A3956D46DE8}") = "Solution Items", "Solution Items", "{4DB9A128-BCE5-4A4E-B368-6472DF6F3664}"
	ProjectSection(SolutionItems) = preProject
		azure-devops.yaml = azure-devops.yaml
		README.md = README.md
	EndProjectSection
EndProject
Global
	GlobalSection(SolutionConfigurationPlatforms) = preSolution
		Debug|Any CPU = Debug|Any CPU
		Release|Any CPU = Release|Any CPU
	EndGlobalSection
	GlobalSection(ProjectConfigurationPlatforms) = postSolution
		{0B1D79B0-51DC-4D76-A146-5D7B3F89472F}.Debug|Any CPU.ActiveCfg = Debug|Any CPU
		{0B1D79B0-51DC-4D76-A146-5D7B3F89472F}.Debug|Any CPU.Build.0 = Debug|Any CPU
		{0B1D79B0-51DC-4D76-A146-5D7B3F89472F}.Release|Any CPU.ActiveCfg = Release|Any CPU
		{0B1D79B0-51DC-4D76-A146-5D7B3F89472F}.Release|Any CPU.Build.0 = Release|Any CPU
		{D316E9E3-A55B-4E0B-9193-7FCD251A7C79}.Debug|Any CPU.ActiveCfg = Debug|Any CPU
		{D316E9E3-A55B-4E0B-9193-7FCD251A7C79}.Debug|Any CPU.Build.0 = Debug|Any CPU
		{D316E9E3-A55B-4E0B-9193-7FCD251A7C79}.Release|Any CPU.ActiveCfg = Release|Any CPU
		{D316E9E3-A55B-4E0B-9193-7FCD251A7C79}.Release|Any CPU.Build.0 = Release|Any CPU
	EndGlobalSection
	GlobalSection(SolutionProperties) = preSolution
		HideSolutionNode = FALSE
	EndGlobalSection
	GlobalSection(ExtensibilityGlobals) = postSolution
		SolutionGuid = {A5332D8E-8932-4DA6-8588-DA13682741C4}
	EndGlobalSection
EndGlobal
