
Microsoft Visual Studio Solution File, Format Version 12.00
# Visual Studio 15
VisualStudioVersion = 15.0.26124.0
MinimumVisualStudioVersion = 15.0.26124.0
Project("{9A19103F-16F7-4668-BE54-9A1E7A4F7556}") = "RegiX.MVRERChAdapter", "RegiX.MVRERChAdapter\RegiX.MVRERChAdapter.csproj", "{BDC8AA47-77E3-4090-B15D-48F8CE3E1FC7}"
EndProject
Project("{9A19103F-16F7-4668-BE54-9A1E7A4F7556}") = "RegiX.MVRERChAdapter.Mocks", "RegiX.MVRERChAdapter.Mocks\RegiX.MVRERChAdapter.Mocks.csproj", "{6B55E254-2B56-4AA8-BF02-CD04DCAD8E69}"
EndProject
Project("{9A19103F-16F7-4668-BE54-9A1E7A4F7556}") = "RegiX.MVRERChAdapter.Tests", "RegiX.MVRERChAdapter.Tests\RegiX.MVRERChAdapter.Tests.csproj", "{06DB60DB-A553-42BD-9A6E-23238CA31643}"
EndProject
Project("{2150E333-8FDC-42A3-9474-1A3956D46DE8}") = "Solution Items", "Solution Items", "{D208DBB5-7677-41C8-8BBF-A0005987B100}"
	ProjectSection(SolutionItems) = preProject
		azure-devops.yaml = azure-devops.yaml
		readme.md = readme.md
	EndProjectSection
EndProject
Global
	GlobalSection(SolutionConfigurationPlatforms) = preSolution
		Debug|Any CPU = Debug|Any CPU
		Debug|x64 = Debug|x64
		Debug|x86 = Debug|x86
		Release|Any CPU = Release|Any CPU
		Release|x64 = Release|x64
		Release|x86 = Release|x86
	EndGlobalSection
	GlobalSection(ProjectConfigurationPlatforms) = postSolution
		{BDC8AA47-77E3-4090-B15D-48F8CE3E1FC7}.Debug|Any CPU.ActiveCfg = Debug|Any CPU
		{BDC8AA47-77E3-4090-B15D-48F8CE3E1FC7}.Debug|Any CPU.Build.0 = Debug|Any CPU
		{BDC8AA47-77E3-4090-B15D-48F8CE3E1FC7}.Debug|x64.ActiveCfg = Debug|Any CPU
		{BDC8AA47-77E3-4090-B15D-48F8CE3E1FC7}.Debug|x64.Build.0 = Debug|Any CPU
		{BDC8AA47-77E3-4090-B15D-48F8CE3E1FC7}.Debug|x86.ActiveCfg = Debug|Any CPU
		{BDC8AA47-77E3-4090-B15D-48F8CE3E1FC7}.Debug|x86.Build.0 = Debug|Any CPU
		{BDC8AA47-77E3-4090-B15D-48F8CE3E1FC7}.Release|Any CPU.ActiveCfg = Release|Any CPU
		{BDC8AA47-77E3-4090-B15D-48F8CE3E1FC7}.Release|Any CPU.Build.0 = Release|Any CPU
		{BDC8AA47-77E3-4090-B15D-48F8CE3E1FC7}.Release|x64.ActiveCfg = Release|Any CPU
		{BDC8AA47-77E3-4090-B15D-48F8CE3E1FC7}.Release|x64.Build.0 = Release|Any CPU
		{BDC8AA47-77E3-4090-B15D-48F8CE3E1FC7}.Release|x86.ActiveCfg = Release|Any CPU
		{BDC8AA47-77E3-4090-B15D-48F8CE3E1FC7}.Release|x86.Build.0 = Release|Any CPU
		{6B55E254-2B56-4AA8-BF02-CD04DCAD8E69}.Debug|Any CPU.ActiveCfg = Debug|Any CPU
		{6B55E254-2B56-4AA8-BF02-CD04DCAD8E69}.Debug|Any CPU.Build.0 = Debug|Any CPU
		{6B55E254-2B56-4AA8-BF02-CD04DCAD8E69}.Debug|x64.ActiveCfg = Debug|Any CPU
		{6B55E254-2B56-4AA8-BF02-CD04DCAD8E69}.Debug|x64.Build.0 = Debug|Any CPU
		{6B55E254-2B56-4AA8-BF02-CD04DCAD8E69}.Debug|x86.ActiveCfg = Debug|Any CPU
		{6B55E254-2B56-4AA8-BF02-CD04DCAD8E69}.Debug|x86.Build.0 = Debug|Any CPU
		{6B55E254-2B56-4AA8-BF02-CD04DCAD8E69}.Release|Any CPU.ActiveCfg = Release|Any CPU
		{6B55E254-2B56-4AA8-BF02-CD04DCAD8E69}.Release|Any CPU.Build.0 = Release|Any CPU
		{6B55E254-2B56-4AA8-BF02-CD04DCAD8E69}.Release|x64.ActiveCfg = Release|Any CPU
		{6B55E254-2B56-4AA8-BF02-CD04DCAD8E69}.Release|x64.Build.0 = Release|Any CPU
		{6B55E254-2B56-4AA8-BF02-CD04DCAD8E69}.Release|x86.ActiveCfg = Release|Any CPU
		{6B55E254-2B56-4AA8-BF02-CD04DCAD8E69}.Release|x86.Build.0 = Release|Any CPU
		{06DB60DB-A553-42BD-9A6E-23238CA31643}.Debug|Any CPU.ActiveCfg = Debug|Any CPU
		{06DB60DB-A553-42BD-9A6E-23238CA31643}.Debug|Any CPU.Build.0 = Debug|Any CPU
		{06DB60DB-A553-42BD-9A6E-23238CA31643}.Debug|x64.ActiveCfg = Debug|Any CPU
		{06DB60DB-A553-42BD-9A6E-23238CA31643}.Debug|x64.Build.0 = Debug|Any CPU
		{06DB60DB-A553-42BD-9A6E-23238CA31643}.Debug|x86.ActiveCfg = Debug|Any CPU
		{06DB60DB-A553-42BD-9A6E-23238CA31643}.Debug|x86.Build.0 = Debug|Any CPU
		{06DB60DB-A553-42BD-9A6E-23238CA31643}.Release|Any CPU.ActiveCfg = Release|Any CPU
		{06DB60DB-A553-42BD-9A6E-23238CA31643}.Release|Any CPU.Build.0 = Release|Any CPU
		{06DB60DB-A553-42BD-9A6E-23238CA31643}.Release|x64.ActiveCfg = Release|Any CPU
		{06DB60DB-A553-42BD-9A6E-23238CA31643}.Release|x64.Build.0 = Release|Any CPU
		{06DB60DB-A553-42BD-9A6E-23238CA31643}.Release|x86.ActiveCfg = Release|Any CPU
		{06DB60DB-A553-42BD-9A6E-23238CA31643}.Release|x86.Build.0 = Release|Any CPU
	EndGlobalSection
	GlobalSection(SolutionProperties) = preSolution
		HideSolutionNode = FALSE
	EndGlobalSection
	GlobalSection(ExtensibilityGlobals) = postSolution
		SolutionGuid = {76EB6DE6-C52F-401F-950E-814EDA351B17}
	EndGlobalSection
EndGlobal
