
Microsoft Visual Studio Solution File, Format Version 12.00
# Visual Studio 15
VisualStudioVersion = 15.0.26124.0
MinimumVisualStudioVersion = 15.0.26124.0
Project("{9A19103F-16F7-4668-BE54-9A1E7A4F7556}") = "RegiX.CROZAdapter", "RegiX.CROZAdapter\RegiX.CROZAdapter.csproj", "{DB134B29-69A4-4A95-A7E0-696409A8B1DF}"
EndProject
Project("{9A19103F-16F7-4668-BE54-9A1E7A4F7556}") = "RegiX.CROZAdapter.Mocks", "RegiX.CROZAdapter.Mocks\RegiX.CROZAdapter.Mocks.csproj", "{61F1EFDB-1224-446E-9D33-A28E6F126CA3}"
EndProject
Project("{9A19103F-16F7-4668-BE54-9A1E7A4F7556}") = "RegiX.CROZAdapter.Tests", "RegiX.CROZAdapter.Tests\RegiX.CROZAdapter.Tests.csproj", "{B8103D93-3449-4D38-9AC2-3B0042D67FCC}"
EndProject
Project("{2150E333-8FDC-42A3-9474-1A3956D46DE8}") = "Solution Items", "Solution Items", "{45BB3F10-0416-401C-A36E-637C6A7C3832}"
	ProjectSection(SolutionItems) = preProject
		azure-devops.yaml = azure-devops.yaml
		readme.md = readme.md
	EndProjectSection
EndProject
Global
	GlobalSection(SolutionConfigurationPlatforms) = preSolution
		Debug|Any CPU = Debug|Any CPU
		Debug|x64 = Debug|x64
		Debug|x86 = Debug|x86
		Release|Any CPU = Release|Any CPU
		Release|x64 = Release|x64
		Release|x86 = Release|x86
	EndGlobalSection
	GlobalSection(ProjectConfigurationPlatforms) = postSolution
		{DB134B29-69A4-4A95-A7E0-696409A8B1DF}.Debug|Any CPU.ActiveCfg = Debug|Any CPU
		{DB134B29-69A4-4A95-A7E0-696409A8B1DF}.Debug|Any CPU.Build.0 = Debug|Any CPU
		{DB134B29-69A4-4A95-A7E0-696409A8B1DF}.Debug|x64.ActiveCfg = Debug|Any CPU
		{DB134B29-69A4-4A95-A7E0-696409A8B1DF}.Debug|x64.Build.0 = Debug|Any CPU
		{DB134B29-69A4-4A95-A7E0-696409A8B1DF}.Debug|x86.ActiveCfg = Debug|Any CPU
		{DB134B29-69A4-4A95-A7E0-696409A8B1DF}.Debug|x86.Build.0 = Debug|Any CPU
		{DB134B29-69A4-4A95-A7E0-696409A8B1DF}.Release|Any CPU.ActiveCfg = Release|Any CPU
		{DB134B29-69A4-4A95-A7E0-696409A8B1DF}.Release|Any CPU.Build.0 = Release|Any CPU
		{DB134B29-69A4-4A95-A7E0-696409A8B1DF}.Release|x64.ActiveCfg = Release|Any CPU
		{DB134B29-69A4-4A95-A7E0-696409A8B1DF}.Release|x64.Build.0 = Release|Any CPU
		{DB134B29-69A4-4A95-A7E0-696409A8B1DF}.Release|x86.ActiveCfg = Release|Any CPU
		{DB134B29-69A4-4A95-A7E0-696409A8B1DF}.Release|x86.Build.0 = Release|Any CPU
		{61F1EFDB-1224-446E-9D33-A28E6F126CA3}.Debug|Any CPU.ActiveCfg = Debug|Any CPU
		{61F1EFDB-1224-446E-9D33-A28E6F126CA3}.Debug|Any CPU.Build.0 = Debug|Any CPU
		{61F1EFDB-1224-446E-9D33-A28E6F126CA3}.Debug|x64.ActiveCfg = Debug|Any CPU
		{61F1EFDB-1224-446E-9D33-A28E6F126CA3}.Debug|x64.Build.0 = Debug|Any CPU
		{61F1EFDB-1224-446E-9D33-A28E6F126CA3}.Debug|x86.ActiveCfg = Debug|Any CPU
		{61F1EFDB-1224-446E-9D33-A28E6F126CA3}.Debug|x86.Build.0 = Debug|Any CPU
		{61F1EFDB-1224-446E-9D33-A28E6F126CA3}.Release|Any CPU.ActiveCfg = Release|Any CPU
		{61F1EFDB-1224-446E-9D33-A28E6F126CA3}.Release|Any CPU.Build.0 = Release|Any CPU
		{61F1EFDB-1224-446E-9D33-A28E6F126CA3}.Release|x64.ActiveCfg = Release|Any CPU
		{61F1EFDB-1224-446E-9D33-A28E6F126CA3}.Release|x64.Build.0 = Release|Any CPU
		{61F1EFDB-1224-446E-9D33-A28E6F126CA3}.Release|x86.ActiveCfg = Release|Any CPU
		{61F1EFDB-1224-446E-9D33-A28E6F126CA3}.Release|x86.Build.0 = Release|Any CPU
		{B8103D93-3449-4D38-9AC2-3B0042D67FCC}.Debug|Any CPU.ActiveCfg = Debug|Any CPU
		{B8103D93-3449-4D38-9AC2-3B0042D67FCC}.Debug|Any CPU.Build.0 = Debug|Any CPU
		{B8103D93-3449-4D38-9AC2-3B0042D67FCC}.Debug|x64.ActiveCfg = Debug|Any CPU
		{B8103D93-3449-4D38-9AC2-3B0042D67FCC}.Debug|x64.Build.0 = Debug|Any CPU
		{B8103D93-3449-4D38-9AC2-3B0042D67FCC}.Debug|x86.ActiveCfg = Debug|Any CPU
		{B8103D93-3449-4D38-9AC2-3B0042D67FCC}.Debug|x86.Build.0 = Debug|Any CPU
		{B8103D93-3449-4D38-9AC2-3B0042D67FCC}.Release|Any CPU.ActiveCfg = Release|Any CPU
		{B8103D93-3449-4D38-9AC2-3B0042D67FCC}.Release|Any CPU.Build.0 = Release|Any CPU
		{B8103D93-3449-4D38-9AC2-3B0042D67FCC}.Release|x64.ActiveCfg = Release|Any CPU
		{B8103D93-3449-4D38-9AC2-3B0042D67FCC}.Release|x64.Build.0 = Release|Any CPU
		{B8103D93-3449-4D38-9AC2-3B0042D67FCC}.Release|x86.ActiveCfg = Release|Any CPU
		{B8103D93-3449-4D38-9AC2-3B0042D67FCC}.Release|x86.Build.0 = Release|Any CPU
	EndGlobalSection
	GlobalSection(SolutionProperties) = preSolution
		HideSolutionNode = FALSE
	EndGlobalSection
	GlobalSection(ExtensibilityGlobals) = postSolution
		SolutionGuid = {04522B7C-A2CC-4D9C-816E-9BE3A27EDA95}
	EndGlobalSection
EndGlobal
