
Microsoft Visual Studio Solution File, Format Version 12.00
# Visual Studio Version 16
VisualStudioVersion = 16.0.29519.87
MinimumVisualStudioVersion = 10.0.40219.1
Project("{9A19103F-16F7-4668-BE54-9A1E7A4F7556}") = "RegiX.BaseSigner", "RegiX.BaseSigner\RegiX.BaseSigner.csproj", "{0D45EF25-51F2-4CAA-8AA9-E15E128F7A27}"
EndProject
Project("{2150E333-8FDC-42A3-9474-1A3956D46DE8}") = "Solution Items", "Solution Items", "{A9824E36-5052-4B87-9B38-AA40F9F0EEBD}"
	ProjectSection(SolutionItems) = preProject
		azure-devops.yaml = azure-devops.yaml
		README.md = README.md
	EndProjectSection
EndProject
Project("{FAE04EC0-301F-11D3-BF4B-00C04F79EFBC}") = "RegiX.BaseSigner.Test", "RegiX.BaseSigner.Test\RegiX.BaseSigner.Test.csproj", "{9F7C35F4-2958-405C-8565-E96A95E16DDA}"
EndProject
Global
	GlobalSection(SolutionConfigurationPlatforms) = preSolution
		Debug|Any CPU = Debug|Any CPU
		Release|Any CPU = Release|Any CPU
	EndGlobalSection
	GlobalSection(ProjectConfigurationPlatforms) = postSolution
		{0D45EF25-51F2-4CAA-8AA9-E15E128F7A27}.Debug|Any CPU.ActiveCfg = Debug|Any CPU
		{0D45EF25-51F2-4CAA-8AA9-E15E128F7A27}.Debug|Any CPU.Build.0 = Debug|Any CPU
		{0D45EF25-51F2-4CAA-8AA9-E15E128F7A27}.Release|Any CPU.ActiveCfg = Release|Any CPU
		{0D45EF25-51F2-4CAA-8AA9-E15E128F7A27}.Release|Any CPU.Build.0 = Release|Any CPU
		{9F7C35F4-2958-405C-8565-E96A95E16DDA}.Debug|Any CPU.ActiveCfg = Debug|Any CPU
		{9F7C35F4-2958-405C-8565-E96A95E16DDA}.Debug|Any CPU.Build.0 = Debug|Any CPU
		{9F7C35F4-2958-405C-8565-E96A95E16DDA}.Release|Any CPU.ActiveCfg = Release|Any CPU
		{9F7C35F4-2958-405C-8565-E96A95E16DDA}.Release|Any CPU.Build.0 = Release|Any CPU
	EndGlobalSection
	GlobalSection(SolutionProperties) = preSolution
		HideSolutionNode = FALSE
	EndGlobalSection
	GlobalSection(ExtensibilityGlobals) = postSolution
		SolutionGuid = {24812C32-DD1F-4152-B7DC-57D72E0F1B1E}
	EndGlobalSection
EndGlobal
